// !$*UTF8*$!
{
	archiveVersion = 1;
	classes = {
	};
	objectVersion = 46;
	objects = {

/* Begin PBXBuildFile section */
		84E3457B1CABFA87007A41A2 /* main.m in Sources */ = {isa = PBXBuildFile; fileRef = 84E3457A1CABFA87007A41A2 /* main.m */; };
		84E3457E1CABFA87007A41A2 /* AppDelegate.m in Sources */ = {isa = PBXBuildFile; fileRef = 84E3457D1CABFA87007A41A2 /* AppDelegate.m */; };
		84E345811CABFA87007A41A2 /* ViewController.m in Sources */ = {isa = PBXBuildFile; fileRef = 84E345801CABFA87007A41A2 /* ViewController.m */; };
		84E345841CABFA87007A41A2 /* Main.storyboard in Resources */ = {isa = PBXBuildFile; fileRef = 84E345821CABFA87007A41A2 /* Main.storyboard */; };
		84E345861CABFA87007A41A2 /* Assets.xcassets in Resources */ = {isa = PBXBuildFile; fileRef = 84E345851CABFA87007A41A2 /* Assets.xcassets */; };
		84E345891CABFA87007A41A2 /* LaunchScreen.storyboard in Resources */ = {isa = PBXBuildFile; fileRef = 84E345871CABFA87007A41A2 /* LaunchScreen.storyboard */; };
		84E345941CABFA87007A41A2 /* InterviewTests.m in Sources */ = {isa = PBXBuildFile; fileRef = 84E345931CABFA87007A41A2 /* InterviewTests.m */; };
		84E3459F1CABFA87007A41A2 /* InterviewUITests.m in Sources */ = {isa = PBXBuildFile; fileRef = 84E3459E1CABFA87007A41A2 /* InterviewUITests.m */; };
/* End PBXBuildFile section */

/* Begin PBXContainerItemProxy section */
		84E345901CABFA87007A41A2 /* PBXContainerItemProxy */ = {
			isa = PBXContainerItemProxy;
			containerPortal = 84E3456E1CABFA87007A41A2 /* Project object */;
			proxyType = 1;
			remoteGlobalIDString = 84E345751CABFA87007A41A2;
			remoteInfo = Interview;
		};
		84E3459B1CABFA87007A41A2 /* PBXContainerItemProxy */ = {
			isa = PBXContainerItemProxy;
			containerPortal = 84E3456E1CABFA87007A41A2 /* Project object */;
			proxyType = 1;
			remoteGlobalIDString = 84E345751CABFA87007A41A2;
			remoteInfo = Interview;
		};
/* End PBXContainerItemProxy section */

/* Begin PBXFileReference section */
		84E345761CABFA87007A41A2 /* Interview.app */ = {isa = PBXFileReference; explicitFileType = wrapper.application; includeInIndex = 0; path = Interview.app; sourceTree = BUILT_PRODUCTS_DIR; };
		84E3457A1CABFA87007A41A2 /* main.m */ = {isa = PBXFileReference; lastKnownFileType = sourcecode.c.objc; path = main.m; sourceTree = "<group>"; };
		84E3457C1CABFA87007A41A2 /* AppDelegate.h */ = {isa = PBXFileReference; lastKnownFileType = sourcecode.c.h; path = AppDelegate.h; sourceTree = "<group>"; };
		84E3457D1CABFA87007A41A2 /* AppDelegate.m */ = {isa = PBXFileReference; lastKnownFileType = sourcecode.c.objc; path = AppDelegate.m; sourceTree = "<group>"; };
		84E3457F1CABFA87007A41A2 /* ViewController.h */ = {isa = PBXFileReference; lastKnownFileType = sourcecode.c.h; path = ViewController.h; sourceTree = "<group>"; };
		84E345801CABFA87007A41A2 /* ViewController.m */ = {isa = PBXFileReference; lastKnownFileType = sourcecode.c.objc; path = ViewController.m; sourceTree = "<group>"; };
		84E345831CABFA87007A41A2 /* Base */ = {isa = PBXFileReference; lastKnownFileType = file.storyboard; name = Base; path = Base.lproj/Main.storyboard; sourceTree = "<group>"; };
		84E345851CABFA87007A41A2 /* Assets.xcassets */ = {isa = PBXFileReference; lastKnownFileType = folder.assetcatalog; path = Assets.xcassets; sourceTree = "<group>"; };
		84E345881CABFA87007A41A2 /* Base */ = {isa = PBXFileReference; lastKnownFileType = file.storyboard; name = Base; path = Base.lproj/LaunchScreen.storyboard; sourceTree = "<group>"; };
		84E3458A1CABFA87007A41A2 /* Info.plist */ = {isa = PBXFileReference; lastKnownFileType = text.plist.xml; path = Info.plist; sourceTree = "<group>"; };
		84E3458F1CABFA87007A41A2 /* InterviewTests.xctest */ = {isa = PBXFileReference; explicitFileType = wrapper.cfbundle; includeInIndex = 0; path = InterviewTests.xctest; sourceTree = BUILT_PRODUCTS_DIR; };
		84E345931CABFA87007A41A2 /* InterviewTests.m */ = {isa = PBXFileReference; lastKnownFileType = sourcecode.c.objc; path = InterviewTests.m; sourceTree = "<group>"; };
		84E345951CABFA87007A41A2 /* Info.plist */ = {isa = PBXFileReference; lastKnownFileType = text.plist.xml; path = Info.plist; sourceTree = "<group>"; };
		84E3459A1CABFA87007A41A2 /* InterviewUITests.xctest */ = {isa = PBXFileReference; explicitFileType = wrapper.cfbundle; includeInIndex = 0; path = InterviewUITests.xctest; sourceTree = BUILT_PRODUCTS_DIR; };
		84E3459E1CABFA87007A41A2 /* InterviewUITests.m */ = {isa = PBXFileReference; lastKnownFileType = sourcecode.c.objc; path = InterviewUITests.m; sourceTree = "<group>"; };
		84E345A01CABFA87007A41A2 /* Info.plist */ = {isa = PBXFileReference; lastKnownFileType = text.plist.xml; path = Info.plist; sourceTree = "<group>"; };
/* End PBXFileReference section */

/* Begin PBXFrameworksBuildPhase section */
		84E345731CABFA87007A41A2 /* Frameworks */ = {
			isa = PBXFrameworksBuildPhase;
			buildActionMask = 2147483647;
			files = (
			);
			runOnlyForDeploymentPostprocessing = 0;
		};
		84E3458C1CABFA87007A41A2 /* Frameworks */ = {
			isa = PBXFrameworksBuildPhase;
			buildActionMask = 2147483647;
			files = (
			);
			runOnlyForDeploymentPostprocessing = 0;
		};
		84E345971CABFA87007A41A2 /* Frameworks */ = {
			isa = PBXFrameworksBuildPhase;
			buildActionMask = 2147483647;
			files = (
			);
			runOnlyForDeploymentPostprocessing = 0;
		};
/* End PBXFrameworksBuildPhase section */

/* Begin PBXGroup section */
		84E3456D1CABFA87007A41A2 = {
			isa = PBXGroup;
			children = (
				84E345781CABFA87007A41A2 /* Interview */,
				84E345921CABFA87007A41A2 /* InterviewTests */,
				84E3459D1CABFA87007A41A2 /* InterviewUITests */,
				84E345771CABFA87007A41A2 /* Products */,
			);
			sourceTree = "<group>";
		};
		84E345771CABFA87007A41A2 /* Products */ = {
			isa = PBXGroup;
			children = (
				84E345761CABFA87007A41A2 /* Interview.app */,
				84E3458F1CABFA87007A41A2 /* InterviewTests.xctest */,
				84E3459A1CABFA87007A41A2 /* InterviewUITests.xctest */,
			);
			name = Products;
			sourceTree = "<group>";
		};
		84E345781CABFA87007A41A2 /* Interview */ = {
			isa = PBXGroup;
			children = (
				84E3457C1CABFA87007A41A2 /* AppDelegate.h */,
				84E3457D1CABFA87007A41A2 /* AppDelegate.m */,
				84E3457F1CABFA87007A41A2 /* ViewController.h */,
				84E345801CABFA87007A41A2 /* ViewController.m */,
				84E345821CABFA87007A41A2 /* Main.storyboard */,
				84E345851CABFA87007A41A2 /* Assets.xcassets */,
				84E345871CABFA87007A41A2 /* LaunchScreen.storyboard */,
				84E3458A1CABFA87007A41A2 /* Info.plist */,
				84E345791CABFA87007A41A2 /* Supporting Files */,
			);
			path = Interview;
			sourceTree = "<group>";
		};
		84E345791CABFA87007A41A2 /* Supporting Files */ = {
			isa = PBXGroup;
			children = (
				84E3457A1CABFA87007A41A2 /* main.m */,
			);
			name = "Supporting Files";
			sourceTree = "<group>";
		};
		84E345921CABFA87007A41A2 /* InterviewTests */ = {
			isa = PBXGroup;
			children = (
				84E345931CABFA87007A41A2 /* InterviewTests.m */,
				84E345951CABFA87007A41A2 /* Info.plist */,
			);
			path = InterviewTests;
			sourceTree = "<group>";
		};
		84E3459D1CABFA87007A41A2 /* InterviewUITests */ = {
			isa = PBXGroup;
			children = (
				84E3459E1CABFA87007A41A2 /* InterviewUITests.m */,
				84E345A01CABFA87007A41A2 /* Info.plist */,
			);
			path = InterviewUITests;
			sourceTree = "<group>";
		};
/* End PBXGroup section */

/* Begin PBXNativeTarget section */
		84E345751CABFA87007A41A2 /* Interview */ = {
			isa = PBXNativeTarget;
			buildConfigurationList = 84E345A31CABFA87007A41A2 /* Build configuration list for PBXNativeTarget "Interview" */;
			buildPhases = (
				84E345721CABFA87007A41A2 /* Sources */,
				84E345731CABFA87007A41A2 /* Frameworks */,
				84E345741CABFA87007A41A2 /* Resources */,
			);
			buildRules = (
			);
			dependencies = (
			);
			name = Interview;
			productName = Interview;
			productReference = 84E345761CABFA87007A41A2 /* Interview.app */;
			productType = "com.apple.product-type.application";
		};
		84E3458E1CABFA87007A41A2 /* InterviewTests */ = {
			isa = PBXNativeTarget;
			buildConfigurationList = 84E345A61CABFA87007A41A2 /* Build configuration list for PBXNativeTarget "InterviewTests" */;
			buildPhases = (
				84E3458B1CABFA87007A41A2 /* Sources */,
				84E3458C1CABFA87007A41A2 /* Frameworks */,
				84E3458D1CABFA87007A41A2 /* Resources */,
			);
			buildRules = (
			);
			dependencies = (
				84E345911CABFA87007A41A2 /* PBXTargetDependency */,
			);
			name = InterviewTests;
			productName = InterviewTests;
			productReference = 84E3458F1CABFA87007A41A2 /* InterviewTests.xctest */;
			productType = "com.apple.product-type.bundle.unit-test";
		};
		84E345991CABFA87007A41A2 /* InterviewUITests */ = {
			isa = PBXNativeTarget;
			buildConfigurationList = 84E345A91CABFA87007A41A2 /* Build configuration list for PBXNativeTarget "InterviewUITests" */;
			buildPhases = (
				84E345961CABFA87007A41A2 /* Sources */,
				84E345971CABFA87007A41A2 /* Frameworks */,
				84E345981CABFA87007A41A2 /* Resources */,
			);
			buildRules = (
			);
			dependencies = (
				84E3459C1CABFA87007A41A2 /* PBXTargetDependency */,
			);
			name = InterviewUITests;
			productName = InterviewUITests;
			productReference = 84E3459A1CABFA87007A41A2 /* InterviewUITests.xctest */;
			productType = "com.apple.product-type.bundle.ui-testing";
		};
/* End PBXNativeTarget section */

/* Begin PBXProject section */
		84E3456E1CABFA87007A41A2 /* Project object */ = {
			isa = PBXProject;
			attributes = {
				LastUpgradeCheck = 0730;
				ORGANIZATIONNAME = lizheng;
				TargetAttributes = {
					84E345751CABFA87007A41A2 = {
						CreatedOnToolsVersion = 7.3;
					};
					84E3458E1CABFA87007A41A2 = {
						CreatedOnToolsVersion = 7.3;
						TestTargetID = 84E345751CABFA87007A41A2;
					};
					84E345991CABFA87007A41A2 = {
						CreatedOnToolsVersion = 7.3;
						TestTargetID = 84E345751CABFA87007A41A2;
					};
				};
			};
			buildConfigurationList = 84E345711CABFA87007A41A2 /* Build configuration list for PBXProject "Interview" */;
			compatibilityVersion = "Xcode 3.2";
			developmentRegion = English;
			hasScannedForEncodings = 0;
			knownRegions = (
				en,
				Base,
			);
			mainGroup = 84E3456D1CABFA87007A41A2;
			productRefGroup = 84E345771CABFA87007A41A2 /* Products */;
			projectDirPath = "";
			projectRoot = "";
			targets = (
				84E345751CABFA87007A41A2 /* Interview */,
				84E3458E1CABFA87007A41A2 /* InterviewTests */,
				84E345991CABFA87007A41A2 /* InterviewUITests */,
			);
		};
/* End PBXProject section */

/* Begin PBXResourcesBuildPhase section */
		84E345741CABFA87007A41A2 /* Resources */ = {
			isa = PBXResourcesBuildPhase;
			buildActionMask = 2147483647;
			files = (
				84E345891CABFA87007A41A2 /* LaunchScreen.storyboard in Resources */,
				84E345861CABFA87007A41A2 /* Assets.xcassets in Resources */,
				84E345841CABFA87007A41A2 /* Main.storyboard in Resources */,
			);
			runOnlyForDeploymentPostprocessing = 0;
		};
		84E3458D1CABFA87007A41A2 /* Resources */ = {
			isa = PBXResourcesBuildPhase;
			buildActionMask = 2147483647;
			files = (
			);
			runOnlyForDeploymentPostprocessing = 0;
		};
		84E345981CABFA87007A41A2 /* Resources */ = {
			isa = PBXResourcesBuildPhase;
			buildActionMask = 2147483647;
			files = (
			);
			runOnlyForDeploymentPostprocessing = 0;
		};
/* End PBXResourcesBuildPhase section */

/* Begin PBXSourcesBuildPhase section */
		84E345721CABFA87007A41A2 /* Sources */ = {
			isa = PBXSourcesBuildPhase;
			buildActionMask = 2147483647;
			files = (
				84E345811CABFA87007A41A2 /* ViewController.m in Sources */,
				84E3457E1CABFA87007A41A2 /* AppDelegate.m in Sources */,
				84E3457B1CABFA87007A41A2 /* main.m in Sources */,
			);
			runOnlyForDeploymentPostprocessing = 0;
		};
		84E3458B1CABFA87007A41A2 /* Sources */ = {
			isa = PBXSourcesBuildPhase;
			buildActionMask = 2147483647;
			files = (
				84E345941CABFA87007A41A2 /* InterviewTests.m in Sources */,
			);
			runOnlyForDeploymentPostprocessing = 0;
		};
		84E345961CABFA87007A41A2 /* Sources */ = {
			isa = PBXSourcesBuildPhase;
			buildActionMask = 2147483647;
			files = (
				84E3459F1CABFA87007A41A2 /* InterviewUITests.m in Sources */,
			);
			runOnlyForDeploymentPostprocessing = 0;
		};
/* End PBXSourcesBuildPhase section */

/* Begin PBXTargetDependency section */
		84E345911CABFA87007A41A2 /* PBXTargetDependency */ = {
			isa = PBXTargetDependency;
			target = 84E345751CABFA87007A41A2 /* Interview */;
			targetProxy = 84E345901CABFA87007A41A2 /* PBXContainerItemProxy */;
		};
		84E3459C1CABFA87007A41A2 /* PBXTargetDependency */ = {
			isa = PBXTargetDependency;
			target = 84E345751CABFA87007A41A2 /* Interview */;
			targetProxy = 84E3459B1CABFA87007A41A2 /* PBXContainerItemProxy */;
		};
/* End PBXTargetDependency section */

/* Begin PBXVariantGroup section */
		84E345821CABFA87007A41A2 /* Main.storyboard */ = {
			isa = PBXVariantGroup;
			children = (
				84E345831CABFA87007A41A2 /* Base */,
			);
			name = Main.storyboard;
			sourceTree = "<group>";
		};
		84E345871CABFA87007A41A2 /* LaunchScreen.storyboard */ = {
			isa = PBXVariantGroup;
			children = (
				84E345881CABFA87007A41A2 /* Base */,
			);
			name = LaunchScreen.storyboard;
			sourceTree = "<group>";
		};
/* End PBXVariantGroup section */

/* Begin XCBuildConfiguration section */
		84E345A11CABFA87007A41A2 /* Debug */ = {
			isa = XCBuildConfiguration;
			buildSettings = {
				ALWAYS_SEARCH_USER_PATHS = NO;
				CLANG_ANALYZER_NONNULL = YES;
				CLANG_CXX_LANGUAGE_STANDARD = "gnu++0x";
				CLANG_CXX_LIBRARY = "libc++";
				CLANG_ENABLE_MODULES = YES;
				CLANG_ENABLE_OBJC_ARC = YES;
				CLANG_WARN_BOOL_CONVERSION = YES;
				CLANG_WARN_CONSTANT_CONVERSION = YES;
				CLANG_WARN_DIRECT_OBJC_ISA_USAGE = YES_ERROR;
				CLANG_WARN_EMPTY_BODY = YES;
				CLANG_WARN_ENUM_CONVERSION = YES;
				CLANG_WARN_INT_CONVERSION = YES;
				CLANG_WARN_OBJC_ROOT_CLASS = YES_ERROR;
				CLANG_WARN_UNREACHABLE_CODE = YES;
				CLANG_WARN__DUPLICATE_METHOD_MATCH = YES;
				"CODE_SIGN_IDENTITY[sdk=iphoneos*]" = "iPhone Developer";
				COPY_PHASE_STRIP = NO;
				DEBUG_INFORMATION_FORMAT = dwarf;
				ENABLE_STRICT_OBJC_MSGSEND = YES;
				ENABLE_TESTABILITY = YES;
				GCC_C_LANGUAGE_STANDARD = gnu99;
				GCC_DYNAMIC_NO_PIC = NO;
				GCC_NO_COMMON_BLOCKS = YES;
				GCC_OPTIMIZATION_LEVEL = 0;
				GCC_PREPROCESSOR_DEFINITIONS = (
					"DEBUG=1",
					"$(inherited)",
				);
				GCC_WARN_64_TO_32_BIT_CONVERSION = YES;
				GCC_WARN_ABOUT_RETURN_TYPE = YES_ERROR;
				GCC_WARN_UNDECLARED_SELECTOR = YES;
				GCC_WARN_UNINITIALIZED_AUTOS = YES_AGGRESSIVE;
				GCC_WARN_UNUSED_FUNCTION = YES;
				GCC_WARN_UNUSED_VARIABLE = YES;
				IPHONEOS_DEPLOYMENT_TARGET = 9.3;
				MTL_ENABLE_DEBUG_INFO = YES;
				ONLY_ACTIVE_ARCH = YES;
				SDKROOT = iphoneos;
			};
			name = Debug;
		};
		84E345A21CABFA87007A41A2 /* Release */ = {
			isa = XCBuildConfiguration;
			buildSettings = {
				ALWAYS_SEARCH_USER_PATHS = NO;
				CLANG_ANALYZER_NONNULL = YES;
				CLANG_CXX_LANGUAGE_STANDARD = "gnu++0x";
				CLANG_CXX_LIBRARY = "libc++";
				CLANG_ENABLE_MODULES = YES;
				CLANG_ENABLE_OBJC_ARC = YES;
				CLANG_WARN_BOOL_CONVERSION = YES;
				CLANG_WARN_CONSTANT_CONVERSION = YES;
				CLANG_WARN_DIRECT_OBJC_ISA_USAGE = YES_ERROR;
				CLANG_WARN_EMPTY_BODY = YES;
				CLANG_WARN_ENUM_CONVERSION = YES;
				CLANG_WARN_INT_CONVERSION = YES;
				CLANG_WARN_OBJC_ROOT_CLASS = YES_ERROR;
				CLANG_WARN_UNREACHABLE_CODE = YES;
				CLANG_WARN__DUPLICATE_METHOD_MATCH = YES;
				"CODE_SIGN_IDENTITY[sdk=iphoneos*]" = "iPhone Developer";
				COPY_PHASE_STRIP = NO;
				DEBUG_INFORMATION_FORMAT = "dwarf-with-dsym";
				ENABLE_NS_ASSERTIONS = NO;
				ENABLE_STRICT_OBJC_MSGSEND = YES;
				GCC_C_LANGUAGE_STANDARD = gnu99;
				GCC_NO_COMMON_BLOCKS = YES;
				GCC_WARN_64_TO_32_BIT_CONVERSION = YES;
				GCC_WARN_ABOUT_RETURN_TYPE = YES_ERROR;
				GCC_WARN_UNDECLARED_SELECTOR = YES;
				GCC_WARN_UNINITIALIZED_AUTOS = YES_AGGRESSIVE;
				GCC_WARN_UNUSED_FUNCTION = YES;
				GCC_WARN_UNUSED_VARIABLE = YES;
				IPHONEOS_DEPLOYMENT_TARGET = 9.3;
				MTL_ENABLE_DEBUG_INFO = NO;
				SDKROOT = iphoneos;
				VALIDATE_PRODUCT = YES;
			};
			name = Release;
		};
		84E345A41CABFA87007A41A2 /* Debug */ = {
			isa = XCBuildConfiguration;
			buildSettings = {
				ASSETCATALOG_COMPILER_APPICON_NAME = AppIcon;
				INFOPLIST_FILE = Interview/Info.plist;
				LD_RUNPATH_SEARCH_PATHS = "$(inherited) @executable_path/Frameworks";
				PRODUCT_BUNDLE_IDENTIFIER = com.MR..Interview;
				PRODUCT_NAME = "$(TARGET_NAME)";
			};
			name = Debug;
		};
		84E345A51CABFA87007A41A2 /* Release */ = {
			isa = XCBuildConfiguration;
			buildSettings = {
				ASSETCATALOG_COMPILER_APPICON_NAME = AppIcon;
				INFOPLIST_FILE = Interview/Info.plist;
				LD_RUNPATH_SEARCH_PATHS = "$(inherited) @executable_path/Frameworks";
				PRODUCT_BUNDLE_IDENTIFIER = com.MR..Interview;
				PRODUCT_NAME = "$(TARGET_NAME)";
			};
			name = Release;
		};
		84E345A71CABFA87007A41A2 /* Debug */ = {
			isa = XCBuildConfiguration;
			buildSettings = {
				BUNDLE_LOADER = "$(TEST_HOST)";
				INFOPLIST_FILE = InterviewTests/Info.plist;
				LD_RUNPATH_SEARCH_PATHS = "$(inherited) @executable_path/Frameworks @loader_path/Frameworks";
				PRODUCT_BUNDLE_IDENTIFIER = com.MR..InterviewTests;
				PRODUCT_NAME = "$(TARGET_NAME)";
				TEST_HOST = "$(BUILT_PRODUCTS_DIR)/Interview.app/Interview";
			};
			name = Debug;
		};
		84E345A81CABFA87007A41A2 /* Release */ = {
			isa = XCBuildConfiguration;
			buildSettings = {
				BUNDLE_LOADER = "$(TEST_HOST)";
				INFOPLIST_FILE = InterviewTests/Info.plist;
				LD_RUNPATH_SEARCH_PATHS = "$(inherited) @executable_path/Frameworks @loader_path/Frameworks";
				PRODUCT_BUNDLE_IDENTIFIER = com.MR..InterviewTests;
				PRODUCT_NAME = "$(TARGET_NAME)";
				TEST_HOST = "$(BUILT_PRODUCTS_DIR)/Interview.app/Interview";
			};
			name = Release;
		};
		84E345AA1CABFA87007A41A2 /* Debug */ = {
			isa = XCBuildConfiguration;
			buildSettings = {
				INFOPLIST_FILE = InterviewUITests/Info.plist;
				LD_RUNPATH_SEARCH_PATHS = "$(inherited) @executable_path/Frameworks @loader_path/Frameworks";
				PRODUCT_BUNDLE_IDENTIFIER = com.MR..InterviewUITests;
				PRODUCT_NAME = "$(TARGET_NAME)";
				TEST_TARGET_NAME = Interview;
			};
			name = Debug;
		};
		84E345AB1CABFA87007A41A2 /* Release */ = {
			isa = XCBuildConfiguration;
			buildSettings = {
				INFOPLIST_FILE = InterviewUITests/Info.plist;
				LD_RUNPATH_SEARCH_PATHS = "$(inherited) @executable_path/Frameworks @loader_path/Frameworks";
				PRODUCT_BUNDLE_IDENTIFIER = com.MR..InterviewUITests;
				PRODUCT_NAME = "$(TARGET_NAME)";
				TEST_TARGET_NAME = Interview;
			};
			name = Release;
		};
/* End XCBuildConfiguration section */

/* Begin XCConfigurationList section */
		84E345711CABFA87007A41A2 /* Build configuration list for PBXProject "Interview" */ = {
			isa = XCConfigurationList;
			buildConfigurations = (
				84E345A11CABFA87007A41A2 /* Debug */,
				84E345A21CABFA87007A41A2 /* Release */,
			);
			defaultConfigurationIsVisible = 0;
			defaultConfigurationName = Release;
		};
		84E345A31CABFA87007A41A2 /* Build configuration list for PBXNativeTarget "Interview" */ = {
			isa = XCConfigurationList;
			buildConfigurations = (
				84E345A41CABFA87007A41A2 /* Debug */,
				84E345A51CABFA87007A41A2 /* Release */,
			);
			defaultConfigurationIsVisible = 0;
		};
		84E345A61CABFA87007A41A2 /* Build configuration list for PBXNativeTarget "InterviewTests" */ = {
			isa = XCConfigurationList;
			buildConfigurations = (
				84E345A71CABFA87007A41A2 /* Debug */,
				84E345A81CABFA87007A41A2 /* Release */,
			);
			defaultConfigurationIsVisible = 0;
		};
		84E345A91CABFA87007A41A2 /* Build configuration list for PBXNativeTarget "InterviewUITests" */ = {
			isa = XCConfigurationList;
			buildConfigurations = (
				84E345AA1CABFA87007A41A2 /* Debug */,
				84E345AB1CABFA87007A41A2 /* Release */,
			);
			defaultConfigurationIsVisible = 0;
		};
/* End XCConfigurationList section */
	};
	rootObject = 84E3456E1CABFA87007A41A2 /* Project object */;
}
