// !$*UTF8*$!
{
	archiveVersion = 1;
	classes = {
	};
	objectVersion = 46;
	objects = {

/* Begin PBXBuildFile section */
		840F1CCF1CB397B0006F38B1 /* QMRecorderListViewController.m in Sources */ = {isa = PBXBuildFile; fileRef = 840F1CCD1CB397B0006F38B1 /* QMRecorderListViewController.m */; };
		8418C12C1CB7527D0027C257 /* QMRecorderListBottomView.xib in Resources */ = {isa = PBXBuildFile; fileRef = 8418C12B1CB7527D0027C257 /* QMRecorderListBottomView.xib */; };
		8418C12F1CB753FE0027C257 /* QMRecorderListBottomView.m in Sources */ = {isa = PBXBuildFile; fileRef = 8418C12E1CB753FE0027C257 /* QMRecorderListBottomView.m */; };
		846D36F51CBB6F0000EF7254 /* LZCode.m in Sources */ = {isa = PBXBuildFile; fileRef = 846D36F41CBB6F0000EF7254 /* LZCode.m */; };
		8478648B1CB3A15600F66CC7 /* QMRecorderListCell.m in Sources */ = {isa = PBXBuildFile; fileRef = 847864891CB3A15600F66CC7 /* QMRecorderListCell.m */; };
		8478648C1CB3A15600F66CC7 /* QMRecorderListCell.xib in Resources */ = {isa = PBXBuildFile; fileRef = 8478648A1CB3A15600F66CC7 /* QMRecorderListCell.xib */; };
		847DEB901CAE76180041BAE3 /* QMManuscriptViewController.m in Sources */ = {isa = PBXBuildFile; fileRef = 847DEB8F1CAE76180041BAE3 /* QMManuscriptViewController.m */; };
		847DEB931CAE76420041BAE3 /* QMPlanViewController.m in Sources */ = {isa = PBXBuildFile; fileRef = 847DEB921CAE76420041BAE3 /* QMPlanViewController.m */; };
		848E18671CAF46DB0097C487 /* GTMBase64.m in Sources */ = {isa = PBXBuildFile; fileRef = 848E18651CAF46DB0097C487 /* GTMBase64.m */; settings = {COMPILER_FLAGS = "-fno-objc-arc"; }; };
		848E186B1CAF4CC50097C487 /* NetWorking.m in Sources */ = {isa = PBXBuildFile; fileRef = 848E186A1CAF4CC50097C487 /* NetWorking.m */; };
		84A21B4C1CB0D4D400440905 /* amrFileCodec.mm in Sources */ = {isa = PBXBuildFile; fileRef = 84A21B3E1CB0D4D400440905 /* amrFileCodec.mm */; };
		84A21B4D1CB0D4D400440905 /* wav.mm in Sources */ = {isa = PBXBuildFile; fileRef = 84A21B401CB0D4D400440905 /* wav.mm */; };
		84A21B4E1CB0D4D400440905 /* libopencore-amrnb.a in Frameworks */ = {isa = PBXBuildFile; fileRef = 84A21B421CB0D4D400440905 /* libopencore-amrnb.a */; };
		84A21B4F1CB0D4D400440905 /* libopencore-amrwb.a in Frameworks */ = {isa = PBXBuildFile; fileRef = 84A21B431CB0D4D400440905 /* libopencore-amrwb.a */; };
		84A21B501CB0D4D400440905 /* VoiceConverter.mm in Sources */ = {isa = PBXBuildFile; fileRef = 84A21B4B1CB0D4D400440905 /* VoiceConverter.mm */; };
		84AF69E11CB3B9CF00A0FEC1 /* LZPlayerForRecorder.m in Sources */ = {isa = PBXBuildFile; fileRef = 84AF69E01CB3B9CF00A0FEC1 /* LZPlayerForRecorder.m */; };
		84B80F501CB00319002E3870 /* QMRecorderViewController.storyboard in Resources */ = {isa = PBXBuildFile; fileRef = 84B80F4F1CB00319002E3870 /* QMRecorderViewController.storyboard */; };
		84B80F571CB01725002E3870 /* LZRecorderTool.m in Sources */ = {isa = PBXBuildFile; fileRef = 84B80F551CB01725002E3870 /* LZRecorderTool.m */; };
		84C81BB81CB6674B0053FF3B /* LZFileHandle.m in Sources */ = {isa = PBXBuildFile; fileRef = 84C81BB71CB6674B0053FF3B /* LZFileHandle.m */; };
		84CE482F1CAEBC500012B584 /* QMSettingTableViewCell.m in Sources */ = {isa = PBXBuildFile; fileRef = 84CE482E1CAEBC500012B584 /* QMSettingTableViewCell.m */; };
		84CE48321CAEC29A0012B584 /* QMSettingViewController.m in Sources */ = {isa = PBXBuildFile; fileRef = 84CE48311CAEC29A0012B584 /* QMSettingViewController.m */; };
		84CE48341CAEC2A90012B584 /* QMSettingViewController.storyboard in Resources */ = {isa = PBXBuildFile; fileRef = 84CE48331CAEC2A90012B584 /* QMSettingViewController.storyboard */; };
		84CE48381CAEC5D60012B584 /* QMUserInfoViewController.m in Sources */ = {isa = PBXBuildFile; fileRef = 84CE48361CAEC5D60012B584 /* QMUserInfoViewController.m */; };
		84CE48391CAEC5D60012B584 /* QMUserInfoViewController.xib in Resources */ = {isa = PBXBuildFile; fileRef = 84CE48371CAEC5D60012B584 /* QMUserInfoViewController.xib */; };
		84E3457B1CABFA87007A41A2 /* main.m in Sources */ = {isa = PBXBuildFile; fileRef = 84E3457A1CABFA87007A41A2 /* main.m */; };
		84E345861CABFA87007A41A2 /* Assets.xcassets in Resources */ = {isa = PBXBuildFile; fileRef = 84E345851CABFA87007A41A2 /* Assets.xcassets */; };
		84E345891CABFA87007A41A2 /* LaunchScreen.storyboard in Resources */ = {isa = PBXBuildFile; fileRef = 84E345871CABFA87007A41A2 /* LaunchScreen.storyboard */; };
		84E345941CABFA87007A41A2 /* InterviewTests.m in Sources */ = {isa = PBXBuildFile; fileRef = 84E345931CABFA87007A41A2 /* InterviewTests.m */; };
		84E3459F1CABFA87007A41A2 /* InterviewUITests.m in Sources */ = {isa = PBXBuildFile; fileRef = 84E3459E1CABFA87007A41A2 /* InterviewUITests.m */; };
		84E345C91CAC0358007A41A2 /* UIBarButtonItem+Extension.m in Sources */ = {isa = PBXBuildFile; fileRef = 84E345B21CAC0358007A41A2 /* UIBarButtonItem+Extension.m */; };
		84E345CA1CAC0358007A41A2 /* UIView+Extension.m in Sources */ = {isa = PBXBuildFile; fileRef = 84E345B41CAC0358007A41A2 /* UIView+Extension.m */; };
		84E345CB1CAC0358007A41A2 /* AppDelegate.m in Sources */ = {isa = PBXBuildFile; fileRef = 84E345B81CAC0358007A41A2 /* AppDelegate.m */; };
		84E345CF1CAC0358007A41A2 /* QMNavigationController.m in Sources */ = {isa = PBXBuildFile; fileRef = 84E345C61CAC0358007A41A2 /* QMNavigationController.m */; };
		84E345D01CAC0358007A41A2 /* QMTabBarController.m in Sources */ = {isa = PBXBuildFile; fileRef = 84E345C81CAC0358007A41A2 /* QMTabBarController.m */; };
		84E345E31CAC04F0007A41A2 /* QMRecorderViewController.m in Sources */ = {isa = PBXBuildFile; fileRef = 84E345E21CAC04F0007A41A2 /* QMRecorderViewController.m */; };
		84E4D9661CB2AA5F00910C91 /* QMRecorderDBManager.m in Sources */ = {isa = PBXBuildFile; fileRef = 84E4D9651CB2AA5F00910C91 /* QMRecorderDBManager.m */; };
		84E4D9691CB2AD5400910C91 /* QMRecoderDBModel.m in Sources */ = {isa = PBXBuildFile; fileRef = 84E4D9681CB2AD5400910C91 /* QMRecoderDBModel.m */; };
		84ECDB7D1CACB45C007FD6E0 /* Reachability+LZ.m in Sources */ = {isa = PBXBuildFile; fileRef = 84ECDB7A1CACB45C007FD6E0 /* Reachability+LZ.m */; };
		84ECDB7E1CACB45C007FD6E0 /* Reachability.m in Sources */ = {isa = PBXBuildFile; fileRef = 84ECDB7C1CACB45C007FD6E0 /* Reachability.m */; };
		84ECDB8D1CACB7BA007FD6E0 /* AFHTTPSessionManager.m in Sources */ = {isa = PBXBuildFile; fileRef = 84ECDB811CACB7BA007FD6E0 /* AFHTTPSessionManager.m */; };
		84ECDB8E1CACB7BA007FD6E0 /* AFNetworkReachabilityManager.m in Sources */ = {isa = PBXBuildFile; fileRef = 84ECDB841CACB7BA007FD6E0 /* AFNetworkReachabilityManager.m */; };
		84ECDB8F1CACB7BA007FD6E0 /* AFSecurityPolicy.m in Sources */ = {isa = PBXBuildFile; fileRef = 84ECDB861CACB7BA007FD6E0 /* AFSecurityPolicy.m */; };
		84ECDB901CACB7BA007FD6E0 /* AFURLRequestSerialization.m in Sources */ = {isa = PBXBuildFile; fileRef = 84ECDB881CACB7BA007FD6E0 /* AFURLRequestSerialization.m */; };
		84ECDB911CACB7BA007FD6E0 /* AFURLResponseSerialization.m in Sources */ = {isa = PBXBuildFile; fileRef = 84ECDB8A1CACB7BA007FD6E0 /* AFURLResponseSerialization.m */; };
		84ECDB921CACB7BA007FD6E0 /* AFURLSessionManager.m in Sources */ = {isa = PBXBuildFile; fileRef = 84ECDB8C1CACB7BA007FD6E0 /* AFURLSessionManager.m */; };
		84ECDBC01CACBAA0007FD6E0 /* MJRefreshAutoFooter.m in Sources */ = {isa = PBXBuildFile; fileRef = 84ECDB961CACBAA0007FD6E0 /* MJRefreshAutoFooter.m */; };
		84ECDBC11CACBAA0007FD6E0 /* MJRefreshBackFooter.m in Sources */ = {isa = PBXBuildFile; fileRef = 84ECDB981CACBAA0007FD6E0 /* MJRefreshBackFooter.m */; };
		84ECDBC21CACBAA0007FD6E0 /* MJRefreshComponent.m in Sources */ = {isa = PBXBuildFile; fileRef = 84ECDB9A1CACBAA0007FD6E0 /* MJRefreshComponent.m */; };
		84ECDBC31CACBAA0007FD6E0 /* MJRefreshFooter.m in Sources */ = {isa = PBXBuildFile; fileRef = 84ECDB9C1CACBAA0007FD6E0 /* MJRefreshFooter.m */; };
		84ECDBC41CACBAA0007FD6E0 /* MJRefreshHeader.m in Sources */ = {isa = PBXBuildFile; fileRef = 84ECDB9E1CACBAA0007FD6E0 /* MJRefreshHeader.m */; };
		84ECDBC51CACBAA0007FD6E0 /* MJRefreshAutoGifFooter.m in Sources */ = {isa = PBXBuildFile; fileRef = 84ECDBA31CACBAA0007FD6E0 /* MJRefreshAutoGifFooter.m */; };
		84ECDBC61CACBAA0007FD6E0 /* MJRefreshAutoNormalFooter.m in Sources */ = {isa = PBXBuildFile; fileRef = 84ECDBA51CACBAA0007FD6E0 /* MJRefreshAutoNormalFooter.m */; };
		84ECDBC71CACBAA0007FD6E0 /* MJRefreshAutoStateFooter.m in Sources */ = {isa = PBXBuildFile; fileRef = 84ECDBA71CACBAA0007FD6E0 /* MJRefreshAutoStateFooter.m */; };
		84ECDBC81CACBAA0007FD6E0 /* MJRefreshBackGifFooter.m in Sources */ = {isa = PBXBuildFile; fileRef = 84ECDBAA1CACBAA0007FD6E0 /* MJRefreshBackGifFooter.m */; };
		84ECDBC91CACBAA0007FD6E0 /* MJRefreshBackNormalFooter.m in Sources */ = {isa = PBXBuildFile; fileRef = 84ECDBAC1CACBAA0007FD6E0 /* MJRefreshBackNormalFooter.m */; };
		84ECDBCA1CACBAA0007FD6E0 /* MJRefreshBackStateFooter.m in Sources */ = {isa = PBXBuildFile; fileRef = 84ECDBAE1CACBAA0007FD6E0 /* MJRefreshBackStateFooter.m */; };
		84ECDBCB1CACBAA0007FD6E0 /* MJRefreshGifHeader.m in Sources */ = {isa = PBXBuildFile; fileRef = 84ECDBB11CACBAA0007FD6E0 /* MJRefreshGifHeader.m */; };
		84ECDBCC1CACBAA0007FD6E0 /* MJRefreshNormalHeader.m in Sources */ = {isa = PBXBuildFile; fileRef = 84ECDBB31CACBAA0007FD6E0 /* MJRefreshNormalHeader.m */; };
		84ECDBCD1CACBAA0007FD6E0 /* MJRefreshStateHeader.m in Sources */ = {isa = PBXBuildFile; fileRef = 84ECDBB51CACBAA0007FD6E0 /* MJRefreshStateHeader.m */; };
		84ECDBCE1CACBAA0007FD6E0 /* MJRefresh.bundle in Resources */ = {isa = PBXBuildFile; fileRef = 84ECDBB61CACBAA0007FD6E0 /* MJRefresh.bundle */; };
		84ECDBCF1CACBAA0007FD6E0 /* MJRefreshConst.m in Sources */ = {isa = PBXBuildFile; fileRef = 84ECDBB91CACBAA0007FD6E0 /* MJRefreshConst.m */; };
		84ECDBD01CACBAA0007FD6E0 /* UIScrollView+MJExtension.m in Sources */ = {isa = PBXBuildFile; fileRef = 84ECDBBB1CACBAA0007FD6E0 /* UIScrollView+MJExtension.m */; };
		84ECDBD11CACBAA0007FD6E0 /* UIScrollView+MJRefresh.m in Sources */ = {isa = PBXBuildFile; fileRef = 84ECDBBD1CACBAA0007FD6E0 /* UIScrollView+MJRefresh.m */; };
		84ECDBD21CACBAA0007FD6E0 /* UIView+MJExtension.m in Sources */ = {isa = PBXBuildFile; fileRef = 84ECDBBF1CACBAA0007FD6E0 /* UIView+MJExtension.m */; };
		84ECDBE71CACBB4D007FD6E0 /* FMDatabase.m in Sources */ = {isa = PBXBuildFile; fileRef = 84ECDBD51CACBB4D007FD6E0 /* FMDatabase.m */; };
		84ECDBE81CACBB4D007FD6E0 /* FMDatabaseAdditions.m in Sources */ = {isa = PBXBuildFile; fileRef = 84ECDBD71CACBB4D007FD6E0 /* FMDatabaseAdditions.m */; };
		84ECDBE91CACBB4D007FD6E0 /* FMDatabasePool.m in Sources */ = {isa = PBXBuildFile; fileRef = 84ECDBD91CACBB4D007FD6E0 /* FMDatabasePool.m */; };
		84ECDBEA1CACBB4D007FD6E0 /* FMDatabaseQueue.m in Sources */ = {isa = PBXBuildFile; fileRef = 84ECDBDB1CACBB4D007FD6E0 /* FMDatabaseQueue.m */; };
		84ECDBEB1CACBB4D007FD6E0 /* FMResultSet.m in Sources */ = {isa = PBXBuildFile; fileRef = 84ECDBDE1CACBB4D007FD6E0 /* FMResultSet.m */; };
		84ECDBEC1CACBB4D007FD6E0 /* 数据库.rtf in Resources */ = {isa = PBXBuildFile; fileRef = 84ECDBE01CACBB4D007FD6E0 /* 数据库.rtf */; };
		84ECDBED1CACBB4D007FD6E0 /* MBProgressHUD+MJ.m in Sources */ = {isa = PBXBuildFile; fileRef = 84ECDBE31CACBB4D007FD6E0 /* MBProgressHUD+MJ.m */; };
		84ECDBEE1CACBB4D007FD6E0 /* MBProgressHUD.bundle in Resources */ = {isa = PBXBuildFile; fileRef = 84ECDBE41CACBB4D007FD6E0 /* MBProgressHUD.bundle */; };
		84ECDBEF1CACBB4D007FD6E0 /* MBProgressHUD.m in Sources */ = {isa = PBXBuildFile; fileRef = 84ECDBE61CACBB4D007FD6E0 /* MBProgressHUD.m */; };
		84ECDBF51CACBDB8007FD6E0 /* NSString+GetDeviceModel.m in Sources */ = {isa = PBXBuildFile; fileRef = 84ECDBF41CACBDB8007FD6E0 /* NSString+GetDeviceModel.m */; };
		84ECDBF81CACBE16007FD6E0 /* libsqlite3.tbd in Frameworks */ = {isa = PBXBuildFile; fileRef = 84ECDBF71CACBE16007FD6E0 /* libsqlite3.tbd */; };
		84ECDC011CACC4EF007FD6E0 /* UIImage+Scale.m in Sources */ = {isa = PBXBuildFile; fileRef = 84ECDC001CACC4EF007FD6E0 /* UIImage+Scale.m */; };
		84F227801CB7B5260056082D /* PreciNewsMobile.txt in Resources */ = {isa = PBXBuildFile; fileRef = 84F2277F1CB7B5260056082D /* PreciNewsMobile.txt */; };
		A5975F181CBB715E005D2C3B /* DatePickView.m in Sources */ = {isa = PBXBuildFile; fileRef = A5975F171CBB715E005D2C3B /* DatePickView.m */; };
		A5D6B5B31CB2342F00B6E845 /* Plan.storyboard in Resources */ = {isa = PBXBuildFile; fileRef = A5D6B5B21CB2342F00B6E845 /* Plan.storyboard */; };
		A5D6B5B61CB235A100B6E845 /* NewPlanVC.m in Sources */ = {isa = PBXBuildFile; fileRef = A5D6B5B51CB235A100B6E845 /* NewPlanVC.m */; };
		A5D6B5B91CB2360600B6E845 /* PlanListVC.m in Sources */ = {isa = PBXBuildFile; fileRef = A5D6B5B81CB2360600B6E845 /* PlanListVC.m */; };
		A5D6B5BC1CB23B8000B6E845 /* PlanViewCell.m in Sources */ = {isa = PBXBuildFile; fileRef = A5D6B5BB1CB23B8000B6E845 /* PlanViewCell.m */; };
		A5D6B5BF1CB244AB00B6E845 /* PlanModel.m in Sources */ = {isa = PBXBuildFile; fileRef = A5D6B5BE1CB244AB00B6E845 /* PlanModel.m */; };
		A5D6B5C21CB2565100B6E845 /* PlanItemCell.m in Sources */ = {isa = PBXBuildFile; fileRef = A5D6B5C11CB2565100B6E845 /* PlanItemCell.m */; };
		A5D6B5C51CB2570A00B6E845 /* PlanItemModel.m in Sources */ = {isa = PBXBuildFile; fileRef = A5D6B5C41CB2570A00B6E845 /* PlanItemModel.m */; };
/* End PBXBuildFile section */

/* Begin PBXContainerItemProxy section */
		84E345901CABFA87007A41A2 /* PBXContainerItemProxy */ = {
			isa = PBXContainerItemProxy;
			containerPortal = 84E3456E1CABFA87007A41A2 /* Project object */;
			proxyType = 1;
			remoteGlobalIDString = 84E345751CABFA87007A41A2;
			remoteInfo = Interview;
		};
		84E3459B1CABFA87007A41A2 /* PBXContainerItemProxy */ = {
			isa = PBXContainerItemProxy;
			containerPortal = 84E3456E1CABFA87007A41A2 /* Project object */;
			proxyType = 1;
			remoteGlobalIDString = 84E345751CABFA87007A41A2;
			remoteInfo = Interview;
		};
/* End PBXContainerItemProxy section */

/* Begin PBXFileReference section */
		840F1CCC1CB397B0006F38B1 /* QMRecorderListViewController.h */ = {isa = PBXFileReference; fileEncoding = 4; lastKnownFileType = sourcecode.c.h; path = QMRecorderListViewController.h; sourceTree = "<group>"; };
		840F1CCD1CB397B0006F38B1 /* QMRecorderListViewController.m */ = {isa = PBXFileReference; fileEncoding = 4; lastKnownFileType = sourcecode.c.objc; path = QMRecorderListViewController.m; sourceTree = "<group>"; };
		8418C12B1CB7527D0027C257 /* QMRecorderListBottomView.xib */ = {isa = PBXFileReference; fileEncoding = 4; lastKnownFileType = file.xib; path = QMRecorderListBottomView.xib; sourceTree = "<group>"; };
		8418C12D1CB753FE0027C257 /* QMRecorderListBottomView.h */ = {isa = PBXFileReference; fileEncoding = 4; lastKnownFileType = sourcecode.c.h; path = QMRecorderListBottomView.h; sourceTree = "<group>"; };
		8418C12E1CB753FE0027C257 /* QMRecorderListBottomView.m */ = {isa = PBXFileReference; fileEncoding = 4; lastKnownFileType = sourcecode.c.objc; path = QMRecorderListBottomView.m; sourceTree = "<group>"; };
		846D36F31CBB6F0000EF7254 /* LZCode.h */ = {isa = PBXFileReference; fileEncoding = 4; lastKnownFileType = sourcecode.c.h; path = LZCode.h; sourceTree = "<group>"; };
		846D36F41CBB6F0000EF7254 /* LZCode.m */ = {isa = PBXFileReference; fileEncoding = 4; lastKnownFileType = sourcecode.c.objc; path = LZCode.m; sourceTree = "<group>"; };
		847864881CB3A15600F66CC7 /* QMRecorderListCell.h */ = {isa = PBXFileReference; fileEncoding = 4; lastKnownFileType = sourcecode.c.h; path = QMRecorderListCell.h; sourceTree = "<group>"; };
		847864891CB3A15600F66CC7 /* QMRecorderListCell.m */ = {isa = PBXFileReference; fileEncoding = 4; lastKnownFileType = sourcecode.c.objc; path = QMRecorderListCell.m; sourceTree = "<group>"; };
		8478648A1CB3A15600F66CC7 /* QMRecorderListCell.xib */ = {isa = PBXFileReference; fileEncoding = 4; lastKnownFileType = file.xib; path = QMRecorderListCell.xib; sourceTree = "<group>"; };
		847DEB8E1CAE76180041BAE3 /* QMManuscriptViewController.h */ = {isa = PBXFileReference; fileEncoding = 4; lastKnownFileType = sourcecode.c.h; path = QMManuscriptViewController.h; sourceTree = "<group>"; };
		847DEB8F1CAE76180041BAE3 /* QMManuscriptViewController.m */ = {isa = PBXFileReference; fileEncoding = 4; lastKnownFileType = sourcecode.c.objc; path = QMManuscriptViewController.m; sourceTree = "<group>"; };
		847DEB911CAE76420041BAE3 /* QMPlanViewController.h */ = {isa = PBXFileReference; fileEncoding = 4; lastKnownFileType = sourcecode.c.h; path = QMPlanViewController.h; sourceTree = "<group>"; };
		847DEB921CAE76420041BAE3 /* QMPlanViewController.m */ = {isa = PBXFileReference; fileEncoding = 4; lastKnownFileType = sourcecode.c.objc; path = QMPlanViewController.m; sourceTree = "<group>"; };
		848E18641CAF46DB0097C487 /* GTMBase64.h */ = {isa = PBXFileReference; fileEncoding = 4; lastKnownFileType = sourcecode.c.h; path = GTMBase64.h; sourceTree = "<group>"; };
		848E18651CAF46DB0097C487 /* GTMBase64.m */ = {isa = PBXFileReference; fileEncoding = 4; lastKnownFileType = sourcecode.c.objc; path = GTMBase64.m; sourceTree = "<group>"; };
		848E18661CAF46DB0097C487 /* GTMDefines.h */ = {isa = PBXFileReference; fileEncoding = 4; lastKnownFileType = sourcecode.c.h; path = GTMDefines.h; sourceTree = "<group>"; };
		848E18691CAF4CC50097C487 /* NetWorking.h */ = {isa = PBXFileReference; fileEncoding = 4; lastKnownFileType = sourcecode.c.h; path = NetWorking.h; sourceTree = "<group>"; };
		848E186A1CAF4CC50097C487 /* NetWorking.m */ = {isa = PBXFileReference; fileEncoding = 4; lastKnownFileType = sourcecode.c.objc; path = NetWorking.m; sourceTree = "<group>"; };
		84A21B3D1CB0D4D400440905 /* amrFileCodec.h */ = {isa = PBXFileReference; fileEncoding = 4; lastKnownFileType = sourcecode.c.h; path = amrFileCodec.h; sourceTree = "<group>"; };
		84A21B3E1CB0D4D400440905 /* amrFileCodec.mm */ = {isa = PBXFileReference; fileEncoding = 4; lastKnownFileType = sourcecode.cpp.objcpp; path = amrFileCodec.mm; sourceTree = "<group>"; };
		84A21B3F1CB0D4D400440905 /* wav.h */ = {isa = PBXFileReference; fileEncoding = 4; lastKnownFileType = sourcecode.c.h; path = wav.h; sourceTree = "<group>"; };
		84A21B401CB0D4D400440905 /* wav.mm */ = {isa = PBXFileReference; fileEncoding = 4; lastKnownFileType = sourcecode.cpp.objcpp; path = wav.mm; sourceTree = "<group>"; };
		84A21B421CB0D4D400440905 /* libopencore-amrnb.a */ = {isa = PBXFileReference; lastKnownFileType = archive.ar; path = "libopencore-amrnb.a"; sourceTree = "<group>"; };
		84A21B431CB0D4D400440905 /* libopencore-amrwb.a */ = {isa = PBXFileReference; lastKnownFileType = archive.ar; path = "libopencore-amrwb.a"; sourceTree = "<group>"; };
		84A21B451CB0D4D400440905 /* interf_dec.h */ = {isa = PBXFileReference; fileEncoding = 4; lastKnownFileType = sourcecode.c.h; path = interf_dec.h; sourceTree = "<group>"; };
		84A21B461CB0D4D400440905 /* interf_enc.h */ = {isa = PBXFileReference; fileEncoding = 4; lastKnownFileType = sourcecode.c.h; path = interf_enc.h; sourceTree = "<group>"; };
		84A21B481CB0D4D400440905 /* dec_if.h */ = {isa = PBXFileReference; fileEncoding = 4; lastKnownFileType = sourcecode.c.h; path = dec_if.h; sourceTree = "<group>"; };
		84A21B491CB0D4D400440905 /* if_rom.h */ = {isa = PBXFileReference; fileEncoding = 4; lastKnownFileType = sourcecode.c.h; path = if_rom.h; sourceTree = "<group>"; };
		84A21B4A1CB0D4D400440905 /* VoiceConverter.h */ = {isa = PBXFileReference; fileEncoding = 4; lastKnownFileType = sourcecode.c.h; path = VoiceConverter.h; sourceTree = "<group>"; };
		84A21B4B1CB0D4D400440905 /* VoiceConverter.mm */ = {isa = PBXFileReference; fileEncoding = 4; lastKnownFileType = sourcecode.cpp.objcpp; path = VoiceConverter.mm; sourceTree = "<group>"; };
		84AF69DF1CB3B9CF00A0FEC1 /* LZPlayerForRecorder.h */ = {isa = PBXFileReference; fileEncoding = 4; lastKnownFileType = sourcecode.c.h; path = LZPlayerForRecorder.h; sourceTree = "<group>"; };
		84AF69E01CB3B9CF00A0FEC1 /* LZPlayerForRecorder.m */ = {isa = PBXFileReference; fileEncoding = 4; lastKnownFileType = sourcecode.c.objc; path = LZPlayerForRecorder.m; sourceTree = "<group>"; };
		84B80F4F1CB00319002E3870 /* QMRecorderViewController.storyboard */ = {isa = PBXFileReference; fileEncoding = 4; lastKnownFileType = file.storyboard; path = QMRecorderViewController.storyboard; sourceTree = "<group>"; };
		84B80F541CB01725002E3870 /* LZRecorderTool.h */ = {isa = PBXFileReference; fileEncoding = 4; lastKnownFileType = sourcecode.c.h; path = LZRecorderTool.h; sourceTree = "<group>"; };
		84B80F551CB01725002E3870 /* LZRecorderTool.m */ = {isa = PBXFileReference; fileEncoding = 4; lastKnownFileType = sourcecode.c.objc; path = LZRecorderTool.m; sourceTree = "<group>"; };
		84C81BB61CB6674B0053FF3B /* LZFileHandle.h */ = {isa = PBXFileReference; fileEncoding = 4; lastKnownFileType = sourcecode.c.h; path = LZFileHandle.h; sourceTree = "<group>"; };
		84C81BB71CB6674B0053FF3B /* LZFileHandle.m */ = {isa = PBXFileReference; fileEncoding = 4; lastKnownFileType = sourcecode.c.objc; path = LZFileHandle.m; sourceTree = "<group>"; };
		84CE482D1CAEBC500012B584 /* QMSettingTableViewCell.h */ = {isa = PBXFileReference; fileEncoding = 4; lastKnownFileType = sourcecode.c.h; path = QMSettingTableViewCell.h; sourceTree = "<group>"; };
		84CE482E1CAEBC500012B584 /* QMSettingTableViewCell.m */ = {isa = PBXFileReference; fileEncoding = 4; lastKnownFileType = sourcecode.c.objc; path = QMSettingTableViewCell.m; sourceTree = "<group>"; };
		84CE48301CAEC29A0012B584 /* QMSettingViewController.h */ = {isa = PBXFileReference; fileEncoding = 4; lastKnownFileType = sourcecode.c.h; path = QMSettingViewController.h; sourceTree = "<group>"; };
		84CE48311CAEC29A0012B584 /* QMSettingViewController.m */ = {isa = PBXFileReference; fileEncoding = 4; lastKnownFileType = sourcecode.c.objc; path = QMSettingViewController.m; sourceTree = "<group>"; };
		84CE48331CAEC2A90012B584 /* QMSettingViewController.storyboard */ = {isa = PBXFileReference; fileEncoding = 4; lastKnownFileType = file.storyboard; path = QMSettingViewController.storyboard; sourceTree = "<group>"; };
		84CE48351CAEC5D60012B584 /* QMUserInfoViewController.h */ = {isa = PBXFileReference; fileEncoding = 4; lastKnownFileType = sourcecode.c.h; path = QMUserInfoViewController.h; sourceTree = "<group>"; };
		84CE48361CAEC5D60012B584 /* QMUserInfoViewController.m */ = {isa = PBXFileReference; fileEncoding = 4; lastKnownFileType = sourcecode.c.objc; path = QMUserInfoViewController.m; sourceTree = "<group>"; };
		84CE48371CAEC5D60012B584 /* QMUserInfoViewController.xib */ = {isa = PBXFileReference; fileEncoding = 4; lastKnownFileType = file.xib; path = QMUserInfoViewController.xib; sourceTree = "<group>"; };
		84E345761CABFA87007A41A2 /* Interview.app */ = {isa = PBXFileReference; explicitFileType = wrapper.application; includeInIndex = 0; path = Interview.app; sourceTree = BUILT_PRODUCTS_DIR; };
		84E3457A1CABFA87007A41A2 /* main.m */ = {isa = PBXFileReference; lastKnownFileType = sourcecode.c.objc; path = main.m; sourceTree = "<group>"; };
		84E345851CABFA87007A41A2 /* Assets.xcassets */ = {isa = PBXFileReference; lastKnownFileType = folder.assetcatalog; path = Assets.xcassets; sourceTree = "<group>"; };
		84E345881CABFA87007A41A2 /* Base */ = {isa = PBXFileReference; lastKnownFileType = file.storyboard; name = Base; path = Base.lproj/LaunchScreen.storyboard; sourceTree = "<group>"; };
		84E3458A1CABFA87007A41A2 /* Info.plist */ = {isa = PBXFileReference; lastKnownFileType = text.plist.xml; path = Info.plist; sourceTree = "<group>"; };
		84E3458F1CABFA87007A41A2 /* InterviewTests.xctest */ = {isa = PBXFileReference; explicitFileType = wrapper.cfbundle; includeInIndex = 0; path = InterviewTests.xctest; sourceTree = BUILT_PRODUCTS_DIR; };
		84E345931CABFA87007A41A2 /* InterviewTests.m */ = {isa = PBXFileReference; lastKnownFileType = sourcecode.c.objc; path = InterviewTests.m; sourceTree = "<group>"; };
		84E345951CABFA87007A41A2 /* Info.plist */ = {isa = PBXFileReference; lastKnownFileType = text.plist.xml; path = Info.plist; sourceTree = "<group>"; };
		84E3459A1CABFA87007A41A2 /* InterviewUITests.xctest */ = {isa = PBXFileReference; explicitFileType = wrapper.cfbundle; includeInIndex = 0; path = InterviewUITests.xctest; sourceTree = BUILT_PRODUCTS_DIR; };
		84E3459E1CABFA87007A41A2 /* InterviewUITests.m */ = {isa = PBXFileReference; lastKnownFileType = sourcecode.c.objc; path = InterviewUITests.m; sourceTree = "<group>"; };
		84E345A01CABFA87007A41A2 /* Info.plist */ = {isa = PBXFileReference; lastKnownFileType = text.plist.xml; path = Info.plist; sourceTree = "<group>"; };
		84E345AD1CAC01A9007A41A2 /* PrefixHeader.pch */ = {isa = PBXFileReference; fileEncoding = 4; lastKnownFileType = sourcecode.c.h; path = PrefixHeader.pch; sourceTree = "<group>"; };
		84E345B11CAC0358007A41A2 /* UIBarButtonItem+Extension.h */ = {isa = PBXFileReference; fileEncoding = 4; lastKnownFileType = sourcecode.c.h; path = "UIBarButtonItem+Extension.h"; sourceTree = "<group>"; };
		84E345B21CAC0358007A41A2 /* UIBarButtonItem+Extension.m */ = {isa = PBXFileReference; fileEncoding = 4; lastKnownFileType = sourcecode.c.objc; path = "UIBarButtonItem+Extension.m"; sourceTree = "<group>"; };
		84E345B31CAC0358007A41A2 /* UIView+Extension.h */ = {isa = PBXFileReference; fileEncoding = 4; lastKnownFileType = sourcecode.c.h; path = "UIView+Extension.h"; sourceTree = "<group>"; };
		84E345B41CAC0358007A41A2 /* UIView+Extension.m */ = {isa = PBXFileReference; fileEncoding = 4; lastKnownFileType = sourcecode.c.objc; path = "UIView+Extension.m"; sourceTree = "<group>"; };
		84E345B71CAC0358007A41A2 /* AppDelegate.h */ = {isa = PBXFileReference; fileEncoding = 4; lastKnownFileType = sourcecode.c.h; path = AppDelegate.h; sourceTree = "<group>"; };
		84E345B81CAC0358007A41A2 /* AppDelegate.m */ = {isa = PBXFileReference; fileEncoding = 4; lastKnownFileType = sourcecode.c.objc; path = AppDelegate.m; sourceTree = "<group>"; };
		84E345C51CAC0358007A41A2 /* QMNavigationController.h */ = {isa = PBXFileReference; fileEncoding = 4; lastKnownFileType = sourcecode.c.h; path = QMNavigationController.h; sourceTree = "<group>"; };
		84E345C61CAC0358007A41A2 /* QMNavigationController.m */ = {isa = PBXFileReference; fileEncoding = 4; lastKnownFileType = sourcecode.c.objc; path = QMNavigationController.m; sourceTree = "<group>"; };
		84E345C71CAC0358007A41A2 /* QMTabBarController.h */ = {isa = PBXFileReference; fileEncoding = 4; lastKnownFileType = sourcecode.c.h; path = QMTabBarController.h; sourceTree = "<group>"; };
		84E345C81CAC0358007A41A2 /* QMTabBarController.m */ = {isa = PBXFileReference; fileEncoding = 4; lastKnownFileType = sourcecode.c.objc; path = QMTabBarController.m; sourceTree = "<group>"; };
		84E345E11CAC04F0007A41A2 /* QMRecorderViewController.h */ = {isa = PBXFileReference; fileEncoding = 4; lastKnownFileType = sourcecode.c.h; path = QMRecorderViewController.h; sourceTree = "<group>"; };
		84E345E21CAC04F0007A41A2 /* QMRecorderViewController.m */ = {isa = PBXFileReference; fileEncoding = 4; lastKnownFileType = sourcecode.c.objc; path = QMRecorderViewController.m; sourceTree = "<group>"; };
		84E4D9631CB28AAF00910C91 /* SynthesizeSingleton.h */ = {isa = PBXFileReference; lastKnownFileType = sourcecode.c.h; path = SynthesizeSingleton.h; sourceTree = "<group>"; };
		84E4D9641CB2AA5F00910C91 /* QMRecorderDBManager.h */ = {isa = PBXFileReference; fileEncoding = 4; lastKnownFileType = sourcecode.c.h; path = QMRecorderDBManager.h; sourceTree = "<group>"; };
		84E4D9651CB2AA5F00910C91 /* QMRecorderDBManager.m */ = {isa = PBXFileReference; fileEncoding = 4; lastKnownFileType = sourcecode.c.objc; path = QMRecorderDBManager.m; sourceTree = "<group>"; };
		84E4D9671CB2AD5400910C91 /* QMRecoderDBModel.h */ = {isa = PBXFileReference; fileEncoding = 4; lastKnownFileType = sourcecode.c.h; path = QMRecoderDBModel.h; sourceTree = "<group>"; };
		84E4D9681CB2AD5400910C91 /* QMRecoderDBModel.m */ = {isa = PBXFileReference; fileEncoding = 4; lastKnownFileType = sourcecode.c.objc; path = QMRecoderDBModel.m; sourceTree = "<group>"; };
		84ECDB751CACB25C007FD6E0 /* FontTool.h */ = {isa = PBXFileReference; fileEncoding = 4; lastKnownFileType = sourcecode.c.h; path = FontTool.h; sourceTree = "<group>"; };
		84ECDB761CACB26C007FD6E0 /* URLHeader.h */ = {isa = PBXFileReference; fileEncoding = 4; lastKnownFileType = sourcecode.c.h; name = URLHeader.h; path = Interview/Classes/Main/Tools/URLHeader.h; sourceTree = SOURCE_ROOT; };
		84ECDB791CACB45C007FD6E0 /* Reachability+LZ.h */ = {isa = PBXFileReference; fileEncoding = 4; lastKnownFileType = sourcecode.c.h; path = "Reachability+LZ.h"; sourceTree = "<group>"; };
		84ECDB7A1CACB45C007FD6E0 /* Reachability+LZ.m */ = {isa = PBXFileReference; fileEncoding = 4; lastKnownFileType = sourcecode.c.objc; path = "Reachability+LZ.m"; sourceTree = "<group>"; };
		84ECDB7B1CACB45C007FD6E0 /* Reachability.h */ = {isa = PBXFileReference; fileEncoding = 4; lastKnownFileType = sourcecode.c.h; path = Reachability.h; sourceTree = "<group>"; };
		84ECDB7C1CACB45C007FD6E0 /* Reachability.m */ = {isa = PBXFileReference; fileEncoding = 4; lastKnownFileType = sourcecode.c.objc; path = Reachability.m; sourceTree = "<group>"; };
		84ECDB801CACB7BA007FD6E0 /* AFHTTPSessionManager.h */ = {isa = PBXFileReference; fileEncoding = 4; lastKnownFileType = sourcecode.c.h; path = AFHTTPSessionManager.h; sourceTree = "<group>"; };
		84ECDB811CACB7BA007FD6E0 /* AFHTTPSessionManager.m */ = {isa = PBXFileReference; fileEncoding = 4; lastKnownFileType = sourcecode.c.objc; path = AFHTTPSessionManager.m; sourceTree = "<group>"; };
		84ECDB821CACB7BA007FD6E0 /* AFNetworking.h */ = {isa = PBXFileReference; fileEncoding = 4; lastKnownFileType = sourcecode.c.h; path = AFNetworking.h; sourceTree = "<group>"; };
		84ECDB831CACB7BA007FD6E0 /* AFNetworkReachabilityManager.h */ = {isa = PBXFileReference; fileEncoding = 4; lastKnownFileType = sourcecode.c.h; path = AFNetworkReachabilityManager.h; sourceTree = "<group>"; };
		84ECDB841CACB7BA007FD6E0 /* AFNetworkReachabilityManager.m */ = {isa = PBXFileReference; fileEncoding = 4; lastKnownFileType = sourcecode.c.objc; path = AFNetworkReachabilityManager.m; sourceTree = "<group>"; };
		84ECDB851CACB7BA007FD6E0 /* AFSecurityPolicy.h */ = {isa = PBXFileReference; fileEncoding = 4; lastKnownFileType = sourcecode.c.h; path = AFSecurityPolicy.h; sourceTree = "<group>"; };
		84ECDB861CACB7BA007FD6E0 /* AFSecurityPolicy.m */ = {isa = PBXFileReference; fileEncoding = 4; lastKnownFileType = sourcecode.c.objc; path = AFSecurityPolicy.m; sourceTree = "<group>"; };
		84ECDB871CACB7BA007FD6E0 /* AFURLRequestSerialization.h */ = {isa = PBXFileReference; fileEncoding = 4; lastKnownFileType = sourcecode.c.h; path = AFURLRequestSerialization.h; sourceTree = "<group>"; };
		84ECDB881CACB7BA007FD6E0 /* AFURLRequestSerialization.m */ = {isa = PBXFileReference; fileEncoding = 4; lastKnownFileType = sourcecode.c.objc; path = AFURLRequestSerialization.m; sourceTree = "<group>"; };
		84ECDB891CACB7BA007FD6E0 /* AFURLResponseSerialization.h */ = {isa = PBXFileReference; fileEncoding = 4; lastKnownFileType = sourcecode.c.h; path = AFURLResponseSerialization.h; sourceTree = "<group>"; };
		84ECDB8A1CACB7BA007FD6E0 /* AFURLResponseSerialization.m */ = {isa = PBXFileReference; fileEncoding = 4; lastKnownFileType = sourcecode.c.objc; path = AFURLResponseSerialization.m; sourceTree = "<group>"; };
		84ECDB8B1CACB7BA007FD6E0 /* AFURLSessionManager.h */ = {isa = PBXFileReference; fileEncoding = 4; lastKnownFileType = sourcecode.c.h; path = AFURLSessionManager.h; sourceTree = "<group>"; };
		84ECDB8C1CACB7BA007FD6E0 /* AFURLSessionManager.m */ = {isa = PBXFileReference; fileEncoding = 4; lastKnownFileType = sourcecode.c.objc; path = AFURLSessionManager.m; sourceTree = "<group>"; };
		84ECDB951CACBAA0007FD6E0 /* MJRefreshAutoFooter.h */ = {isa = PBXFileReference; fileEncoding = 4; lastKnownFileType = sourcecode.c.h; path = MJRefreshAutoFooter.h; sourceTree = "<group>"; };
		84ECDB961CACBAA0007FD6E0 /* MJRefreshAutoFooter.m */ = {isa = PBXFileReference; fileEncoding = 4; lastKnownFileType = sourcecode.c.objc; path = MJRefreshAutoFooter.m; sourceTree = "<group>"; };
		84ECDB971CACBAA0007FD6E0 /* MJRefreshBackFooter.h */ = {isa = PBXFileReference; fileEncoding = 4; lastKnownFileType = sourcecode.c.h; path = MJRefreshBackFooter.h; sourceTree = "<group>"; };
		84ECDB981CACBAA0007FD6E0 /* MJRefreshBackFooter.m */ = {isa = PBXFileReference; fileEncoding = 4; lastKnownFileType = sourcecode.c.objc; path = MJRefreshBackFooter.m; sourceTree = "<group>"; };
		84ECDB991CACBAA0007FD6E0 /* MJRefreshComponent.h */ = {isa = PBXFileReference; fileEncoding = 4; lastKnownFileType = sourcecode.c.h; path = MJRefreshComponent.h; sourceTree = "<group>"; };
		84ECDB9A1CACBAA0007FD6E0 /* MJRefreshComponent.m */ = {isa = PBXFileReference; fileEncoding = 4; lastKnownFileType = sourcecode.c.objc; path = MJRefreshComponent.m; sourceTree = "<group>"; };
		84ECDB9B1CACBAA0007FD6E0 /* MJRefreshFooter.h */ = {isa = PBXFileReference; fileEncoding = 4; lastKnownFileType = sourcecode.c.h; path = MJRefreshFooter.h; sourceTree = "<group>"; };
		84ECDB9C1CACBAA0007FD6E0 /* MJRefreshFooter.m */ = {isa = PBXFileReference; fileEncoding = 4; lastKnownFileType = sourcecode.c.objc; path = MJRefreshFooter.m; sourceTree = "<group>"; };
		84ECDB9D1CACBAA0007FD6E0 /* MJRefreshHeader.h */ = {isa = PBXFileReference; fileEncoding = 4; lastKnownFileType = sourcecode.c.h; path = MJRefreshHeader.h; sourceTree = "<group>"; };
		84ECDB9E1CACBAA0007FD6E0 /* MJRefreshHeader.m */ = {isa = PBXFileReference; fileEncoding = 4; lastKnownFileType = sourcecode.c.objc; path = MJRefreshHeader.m; sourceTree = "<group>"; };
		84ECDBA21CACBAA0007FD6E0 /* MJRefreshAutoGifFooter.h */ = {isa = PBXFileReference; fileEncoding = 4; lastKnownFileType = sourcecode.c.h; path = MJRefreshAutoGifFooter.h; sourceTree = "<group>"; };
		84ECDBA31CACBAA0007FD6E0 /* MJRefreshAutoGifFooter.m */ = {isa = PBXFileReference; fileEncoding = 4; lastKnownFileType = sourcecode.c.objc; path = MJRefreshAutoGifFooter.m; sourceTree = "<group>"; };
		84ECDBA41CACBAA0007FD6E0 /* MJRefreshAutoNormalFooter.h */ = {isa = PBXFileReference; fileEncoding = 4; lastKnownFileType = sourcecode.c.h; path = MJRefreshAutoNormalFooter.h; sourceTree = "<group>"; };
		84ECDBA51CACBAA0007FD6E0 /* MJRefreshAutoNormalFooter.m */ = {isa = PBXFileReference; fileEncoding = 4; lastKnownFileType = sourcecode.c.objc; path = MJRefreshAutoNormalFooter.m; sourceTree = "<group>"; };
		84ECDBA61CACBAA0007FD6E0 /* MJRefreshAutoStateFooter.h */ = {isa = PBXFileReference; fileEncoding = 4; lastKnownFileType = sourcecode.c.h; path = MJRefreshAutoStateFooter.h; sourceTree = "<group>"; };
		84ECDBA71CACBAA0007FD6E0 /* MJRefreshAutoStateFooter.m */ = {isa = PBXFileReference; fileEncoding = 4; lastKnownFileType = sourcecode.c.objc; path = MJRefreshAutoStateFooter.m; sourceTree = "<group>"; };
		84ECDBA91CACBAA0007FD6E0 /* MJRefreshBackGifFooter.h */ = {isa = PBXFileReference; fileEncoding = 4; lastKnownFileType = sourcecode.c.h; path = MJRefreshBackGifFooter.h; sourceTree = "<group>"; };
		84ECDBAA1CACBAA0007FD6E0 /* MJRefreshBackGifFooter.m */ = {isa = PBXFileReference; fileEncoding = 4; lastKnownFileType = sourcecode.c.objc; path = MJRefreshBackGifFooter.m; sourceTree = "<group>"; };
		84ECDBAB1CACBAA0007FD6E0 /* MJRefreshBackNormalFooter.h */ = {isa = PBXFileReference; fileEncoding = 4; lastKnownFileType = sourcecode.c.h; path = MJRefreshBackNormalFooter.h; sourceTree = "<group>"; };
		84ECDBAC1CACBAA0007FD6E0 /* MJRefreshBackNormalFooter.m */ = {isa = PBXFileReference; fileEncoding = 4; lastKnownFileType = sourcecode.c.objc; path = MJRefreshBackNormalFooter.m; sourceTree = "<group>"; };
		84ECDBAD1CACBAA0007FD6E0 /* MJRefreshBackStateFooter.h */ = {isa = PBXFileReference; fileEncoding = 4; lastKnownFileType = sourcecode.c.h; path = MJRefreshBackStateFooter.h; sourceTree = "<group>"; };
		84ECDBAE1CACBAA0007FD6E0 /* MJRefreshBackStateFooter.m */ = {isa = PBXFileReference; fileEncoding = 4; lastKnownFileType = sourcecode.c.objc; path = MJRefreshBackStateFooter.m; sourceTree = "<group>"; };
		84ECDBB01CACBAA0007FD6E0 /* MJRefreshGifHeader.h */ = {isa = PBXFileReference; fileEncoding = 4; lastKnownFileType = sourcecode.c.h; path = MJRefreshGifHeader.h; sourceTree = "<group>"; };
		84ECDBB11CACBAA0007FD6E0 /* MJRefreshGifHeader.m */ = {isa = PBXFileReference; fileEncoding = 4; lastKnownFileType = sourcecode.c.objc; path = MJRefreshGifHeader.m; sourceTree = "<group>"; };
		84ECDBB21CACBAA0007FD6E0 /* MJRefreshNormalHeader.h */ = {isa = PBXFileReference; fileEncoding = 4; lastKnownFileType = sourcecode.c.h; path = MJRefreshNormalHeader.h; sourceTree = "<group>"; };
		84ECDBB31CACBAA0007FD6E0 /* MJRefreshNormalHeader.m */ = {isa = PBXFileReference; fileEncoding = 4; lastKnownFileType = sourcecode.c.objc; path = MJRefreshNormalHeader.m; sourceTree = "<group>"; };
		84ECDBB41CACBAA0007FD6E0 /* MJRefreshStateHeader.h */ = {isa = PBXFileReference; fileEncoding = 4; lastKnownFileType = sourcecode.c.h; path = MJRefreshStateHeader.h; sourceTree = "<group>"; };
		84ECDBB51CACBAA0007FD6E0 /* MJRefreshStateHeader.m */ = {isa = PBXFileReference; fileEncoding = 4; lastKnownFileType = sourcecode.c.objc; path = MJRefreshStateHeader.m; sourceTree = "<group>"; };
		84ECDBB61CACBAA0007FD6E0 /* MJRefresh.bundle */ = {isa = PBXFileReference; lastKnownFileType = "wrapper.plug-in"; path = MJRefresh.bundle; sourceTree = "<group>"; };
		84ECDBB71CACBAA0007FD6E0 /* MJRefresh.h */ = {isa = PBXFileReference; fileEncoding = 4; lastKnownFileType = sourcecode.c.h; path = MJRefresh.h; sourceTree = "<group>"; };
		84ECDBB81CACBAA0007FD6E0 /* MJRefreshConst.h */ = {isa = PBXFileReference; fileEncoding = 4; lastKnownFileType = sourcecode.c.h; path = MJRefreshConst.h; sourceTree = "<group>"; };
		84ECDBB91CACBAA0007FD6E0 /* MJRefreshConst.m */ = {isa = PBXFileReference; fileEncoding = 4; lastKnownFileType = sourcecode.c.objc; path = MJRefreshConst.m; sourceTree = "<group>"; };
		84ECDBBA1CACBAA0007FD6E0 /* UIScrollView+MJExtension.h */ = {isa = PBXFileReference; fileEncoding = 4; lastKnownFileType = sourcecode.c.h; path = "UIScrollView+MJExtension.h"; sourceTree = "<group>"; };
		84ECDBBB1CACBAA0007FD6E0 /* UIScrollView+MJExtension.m */ = {isa = PBXFileReference; fileEncoding = 4; lastKnownFileType = sourcecode.c.objc; path = "UIScrollView+MJExtension.m"; sourceTree = "<group>"; };
		84ECDBBC1CACBAA0007FD6E0 /* UIScrollView+MJRefresh.h */ = {isa = PBXFileReference; fileEncoding = 4; lastKnownFileType = sourcecode.c.h; path = "UIScrollView+MJRefresh.h"; sourceTree = "<group>"; };
		84ECDBBD1CACBAA0007FD6E0 /* UIScrollView+MJRefresh.m */ = {isa = PBXFileReference; fileEncoding = 4; lastKnownFileType = sourcecode.c.objc; path = "UIScrollView+MJRefresh.m"; sourceTree = "<group>"; };
		84ECDBBE1CACBAA0007FD6E0 /* UIView+MJExtension.h */ = {isa = PBXFileReference; fileEncoding = 4; lastKnownFileType = sourcecode.c.h; path = "UIView+MJExtension.h"; sourceTree = "<group>"; };
		84ECDBBF1CACBAA0007FD6E0 /* UIView+MJExtension.m */ = {isa = PBXFileReference; fileEncoding = 4; lastKnownFileType = sourcecode.c.objc; path = "UIView+MJExtension.m"; sourceTree = "<group>"; };
		84ECDBD41CACBB4D007FD6E0 /* FMDatabase.h */ = {isa = PBXFileReference; fileEncoding = 4; lastKnownFileType = sourcecode.c.h; path = FMDatabase.h; sourceTree = "<group>"; };
		84ECDBD51CACBB4D007FD6E0 /* FMDatabase.m */ = {isa = PBXFileReference; fileEncoding = 4; lastKnownFileType = sourcecode.c.objc; path = FMDatabase.m; sourceTree = "<group>"; };
		84ECDBD61CACBB4D007FD6E0 /* FMDatabaseAdditions.h */ = {isa = PBXFileReference; fileEncoding = 4; lastKnownFileType = sourcecode.c.h; path = FMDatabaseAdditions.h; sourceTree = "<group>"; };
		84ECDBD71CACBB4D007FD6E0 /* FMDatabaseAdditions.m */ = {isa = PBXFileReference; fileEncoding = 4; lastKnownFileType = sourcecode.c.objc; path = FMDatabaseAdditions.m; sourceTree = "<group>"; };
		84ECDBD81CACBB4D007FD6E0 /* FMDatabasePool.h */ = {isa = PBXFileReference; fileEncoding = 4; lastKnownFileType = sourcecode.c.h; path = FMDatabasePool.h; sourceTree = "<group>"; };
		84ECDBD91CACBB4D007FD6E0 /* FMDatabasePool.m */ = {isa = PBXFileReference; fileEncoding = 4; lastKnownFileType = sourcecode.c.objc; path = FMDatabasePool.m; sourceTree = "<group>"; };
		84ECDBDA1CACBB4D007FD6E0 /* FMDatabaseQueue.h */ = {isa = PBXFileReference; fileEncoding = 4; lastKnownFileType = sourcecode.c.h; path = FMDatabaseQueue.h; sourceTree = "<group>"; };
		84ECDBDB1CACBB4D007FD6E0 /* FMDatabaseQueue.m */ = {isa = PBXFileReference; fileEncoding = 4; lastKnownFileType = sourcecode.c.objc; path = FMDatabaseQueue.m; sourceTree = "<group>"; };
		84ECDBDC1CACBB4D007FD6E0 /* FMDB.h */ = {isa = PBXFileReference; fileEncoding = 4; lastKnownFileType = sourcecode.c.h; path = FMDB.h; sourceTree = "<group>"; };
		84ECDBDD1CACBB4D007FD6E0 /* FMResultSet.h */ = {isa = PBXFileReference; fileEncoding = 4; lastKnownFileType = sourcecode.c.h; path = FMResultSet.h; sourceTree = "<group>"; };
		84ECDBDE1CACBB4D007FD6E0 /* FMResultSet.m */ = {isa = PBXFileReference; fileEncoding = 4; lastKnownFileType = sourcecode.c.objc; path = FMResultSet.m; sourceTree = "<group>"; };
		84ECDBDF1CACBB4D007FD6E0 /* SqlReadMe.h */ = {isa = PBXFileReference; fileEncoding = 4; lastKnownFileType = sourcecode.c.h; path = SqlReadMe.h; sourceTree = "<group>"; };
		84ECDBE01CACBB4D007FD6E0 /* 数据库.rtf */ = {isa = PBXFileReference; fileEncoding = 4; lastKnownFileType = text.rtf; path = "数据库.rtf"; sourceTree = "<group>"; };
		84ECDBE21CACBB4D007FD6E0 /* MBProgressHUD+MJ.h */ = {isa = PBXFileReference; fileEncoding = 4; lastKnownFileType = sourcecode.c.h; path = "MBProgressHUD+MJ.h"; sourceTree = "<group>"; };
		84ECDBE31CACBB4D007FD6E0 /* MBProgressHUD+MJ.m */ = {isa = PBXFileReference; fileEncoding = 4; lastKnownFileType = sourcecode.c.objc; path = "MBProgressHUD+MJ.m"; sourceTree = "<group>"; };
		84ECDBE41CACBB4D007FD6E0 /* MBProgressHUD.bundle */ = {isa = PBXFileReference; lastKnownFileType = "wrapper.plug-in"; path = MBProgressHUD.bundle; sourceTree = "<group>"; };
		84ECDBE51CACBB4D007FD6E0 /* MBProgressHUD.h */ = {isa = PBXFileReference; fileEncoding = 4; lastKnownFileType = sourcecode.c.h; path = MBProgressHUD.h; sourceTree = "<group>"; };
		84ECDBE61CACBB4D007FD6E0 /* MBProgressHUD.m */ = {isa = PBXFileReference; fileEncoding = 4; lastKnownFileType = sourcecode.c.objc; path = MBProgressHUD.m; sourceTree = "<group>"; };
		84ECDBF31CACBDB8007FD6E0 /* NSString+GetDeviceModel.h */ = {isa = PBXFileReference; fileEncoding = 4; lastKnownFileType = sourcecode.c.h; path = "NSString+GetDeviceModel.h"; sourceTree = "<group>"; };
		84ECDBF41CACBDB8007FD6E0 /* NSString+GetDeviceModel.m */ = {isa = PBXFileReference; fileEncoding = 4; lastKnownFileType = sourcecode.c.objc; path = "NSString+GetDeviceModel.m"; sourceTree = "<group>"; };
		84ECDBF71CACBE16007FD6E0 /* libsqlite3.tbd */ = {isa = PBXFileReference; lastKnownFileType = "sourcecode.text-based-dylib-definition"; name = libsqlite3.tbd; path = usr/lib/libsqlite3.tbd; sourceTree = SDKROOT; };
		84ECDBFF1CACC4EF007FD6E0 /* UIImage+Scale.h */ = {isa = PBXFileReference; fileEncoding = 4; lastKnownFileType = sourcecode.c.h; path = "UIImage+Scale.h"; sourceTree = "<group>"; };
		84ECDC001CACC4EF007FD6E0 /* UIImage+Scale.m */ = {isa = PBXFileReference; fileEncoding = 4; lastKnownFileType = sourcecode.c.objc; path = "UIImage+Scale.m"; sourceTree = "<group>"; };
		84F2277F1CB7B5260056082D /* PreciNewsMobile.txt */ = {isa = PBXFileReference; fileEncoding = 4; lastKnownFileType = text; path = PreciNewsMobile.txt; sourceTree = "<group>"; };
		A5975F161CBB715E005D2C3B /* DatePickView.h */ = {isa = PBXFileReference; fileEncoding = 4; lastKnownFileType = sourcecode.c.h; name = DatePickView.h; path = "Interview/Classes/Plan(策划)/DatePickView.h"; sourceTree = SOURCE_ROOT; };
		A5975F171CBB715E005D2C3B /* DatePickView.m */ = {isa = PBXFileReference; fileEncoding = 4; lastKnownFileType = sourcecode.c.objc; name = DatePickView.m; path = "Interview/Classes/Plan(策划)/DatePickView.m"; sourceTree = SOURCE_ROOT; };
		A5D6B5B21CB2342F00B6E845 /* Plan.storyboard */ = {isa = PBXFileReference; fileEncoding = 4; lastKnownFileType = file.storyboard; path = Plan.storyboard; sourceTree = "<group>"; };
		A5D6B5B41CB235A100B6E845 /* NewPlanVC.h */ = {isa = PBXFileReference; fileEncoding = 4; lastKnownFileType = sourcecode.c.h; path = NewPlanVC.h; sourceTree = "<group>"; };
		A5D6B5B51CB235A100B6E845 /* NewPlanVC.m */ = {isa = PBXFileReference; fileEncoding = 4; lastKnownFileType = sourcecode.c.objc; path = NewPlanVC.m; sourceTree = "<group>"; };
		A5D6B5B71CB2360600B6E845 /* PlanListVC.h */ = {isa = PBXFileReference; fileEncoding = 4; lastKnownFileType = sourcecode.c.h; path = PlanListVC.h; sourceTree = "<group>"; };
		A5D6B5B81CB2360600B6E845 /* PlanListVC.m */ = {isa = PBXFileReference; fileEncoding = 4; lastKnownFileType = sourcecode.c.objc; path = PlanListVC.m; sourceTree = "<group>"; };
		A5D6B5BA1CB23B8000B6E845 /* PlanViewCell.h */ = {isa = PBXFileReference; fileEncoding = 4; lastKnownFileType = sourcecode.c.h; name = PlanViewCell.h; path = "Interview/Classes/Plan(策划)/ViewController/PlanViewCell.h"; sourceTree = SOURCE_ROOT; };
		A5D6B5BB1CB23B8000B6E845 /* PlanViewCell.m */ = {isa = PBXFileReference; fileEncoding = 4; lastKnownFileType = sourcecode.c.objc; name = PlanViewCell.m; path = "Interview/Classes/Plan(策划)/ViewController/PlanViewCell.m"; sourceTree = SOURCE_ROOT; };
		A5D6B5BD1CB244AB00B6E845 /* PlanModel.h */ = {isa = PBXFileReference; fileEncoding = 4; lastKnownFileType = sourcecode.c.h; name = PlanModel.h; path = "Interview/Classes/Plan(策划)/ViewController/PlanModel.h"; sourceTree = SOURCE_ROOT; };
		A5D6B5BE1CB244AB00B6E845 /* PlanModel.m */ = {isa = PBXFileReference; fileEncoding = 4; lastKnownFileType = sourcecode.c.objc; name = PlanModel.m; path = "Interview/Classes/Plan(策划)/ViewController/PlanModel.m"; sourceTree = SOURCE_ROOT; };
		A5D6B5C01CB2565100B6E845 /* PlanItemCell.h */ = {isa = PBXFileReference; fileEncoding = 4; lastKnownFileType = sourcecode.c.h; name = PlanItemCell.h; path = "Interview/Classes/Plan(策划)/ViewController/PlanItemCell.h"; sourceTree = SOURCE_ROOT; };
		A5D6B5C11CB2565100B6E845 /* PlanItemCell.m */ = {isa = PBXFileReference; fileEncoding = 4; lastKnownFileType = sourcecode.c.objc; name = PlanItemCell.m; path = "Interview/Classes/Plan(策划)/ViewController/PlanItemCell.m"; sourceTree = SOURCE_ROOT; };
		A5D6B5C31CB2570A00B6E845 /* PlanItemModel.h */ = {isa = PBXFileReference; fileEncoding = 4; lastKnownFileType = sourcecode.c.h; name = PlanItemModel.h; path = "Interview/Classes/Plan(策划)/ViewController/PlanItemModel.h"; sourceTree = SOURCE_ROOT; };
		A5D6B5C41CB2570A00B6E845 /* PlanItemModel.m */ = {isa = PBXFileReference; fileEncoding = 4; lastKnownFileType = sourcecode.c.objc; name = PlanItemModel.m; path = "Interview/Classes/Plan(策划)/ViewController/PlanItemModel.m"; sourceTree = SOURCE_ROOT; };
/* End PBXFileReference section */

/* Begin PBXFrameworksBuildPhase section */
		84E345731CABFA87007A41A2 /* Frameworks */ = {
			isa = PBXFrameworksBuildPhase;
			buildActionMask = 2147483647;
			files = (
				84ECDBF81CACBE16007FD6E0 /* libsqlite3.tbd in Frameworks */,
				84A21B4F1CB0D4D400440905 /* libopencore-amrwb.a in Frameworks */,
				84A21B4E1CB0D4D400440905 /* libopencore-amrnb.a in Frameworks */,
			);
			runOnlyForDeploymentPostprocessing = 0;
		};
		84E3458C1CABFA87007A41A2 /* Frameworks */ = {
			isa = PBXFrameworksBuildPhase;
			buildActionMask = 2147483647;
			files = (
			);
			runOnlyForDeploymentPostprocessing = 0;
		};
		84E345971CABFA87007A41A2 /* Frameworks */ = {
			isa = PBXFrameworksBuildPhase;
			buildActionMask = 2147483647;
			files = (
			);
			runOnlyForDeploymentPostprocessing = 0;
		};
/* End PBXFrameworksBuildPhase section */

/* Begin PBXGroup section */
		846D36F21CBB6F0000EF7254 /* LZCode */ = {
			isa = PBXGroup;
			children = (
				846D36F31CBB6F0000EF7254 /* LZCode.h */,
				846D36F41CBB6F0000EF7254 /* LZCode.m */,
			);
			path = LZCode;
			sourceTree = "<group>";
		};
		848E18631CAF46DB0097C487 /* GTM */ = {
			isa = PBXGroup;
			children = (
				848E18641CAF46DB0097C487 /* GTMBase64.h */,
				848E18651CAF46DB0097C487 /* GTMBase64.m */,
				848E18661CAF46DB0097C487 /* GTMDefines.h */,
			);
			name = GTM;
			path = ThiredPart/GTM;
			sourceTree = "<group>";
		};
		848E18681CAF4CC50097C487 /* NetWorking */ = {
			isa = PBXGroup;
			children = (
				848E18691CAF4CC50097C487 /* NetWorking.h */,
				848E186A1CAF4CC50097C487 /* NetWorking.m */,
			);
			path = NetWorking;
			sourceTree = "<group>";
		};
		84A21B3B1CB0D4D400440905 /* VoiceConvert */ = {
			isa = PBXGroup;
			children = (
				84A21B3C1CB0D4D400440905 /* amrwapper */,
				84A21B411CB0D4D400440905 /* lib */,
				84A21B441CB0D4D400440905 /* opencore-amrnb */,
				84A21B471CB0D4D400440905 /* opencore-amrwb */,
				84A21B4A1CB0D4D400440905 /* VoiceConverter.h */,
				84A21B4B1CB0D4D400440905 /* VoiceConverter.mm */,
			);
			path = VoiceConvert;
			sourceTree = "<group>";
		};
		84A21B3C1CB0D4D400440905 /* amrwapper */ = {
			isa = PBXGroup;
			children = (
				84A21B3D1CB0D4D400440905 /* amrFileCodec.h */,
				84A21B3E1CB0D4D400440905 /* amrFileCodec.mm */,
				84A21B3F1CB0D4D400440905 /* wav.h */,
				84A21B401CB0D4D400440905 /* wav.mm */,
			);
			path = amrwapper;
			sourceTree = "<group>";
		};
		84A21B411CB0D4D400440905 /* lib */ = {
			isa = PBXGroup;
			children = (
				84A21B421CB0D4D400440905 /* libopencore-amrnb.a */,
				84A21B431CB0D4D400440905 /* libopencore-amrwb.a */,
			);
			path = lib;
			sourceTree = "<group>";
		};
		84A21B441CB0D4D400440905 /* opencore-amrnb */ = {
			isa = PBXGroup;
			children = (
				84A21B451CB0D4D400440905 /* interf_dec.h */,
				84A21B461CB0D4D400440905 /* interf_enc.h */,
			);
			path = "opencore-amrnb";
			sourceTree = "<group>";
		};
		84A21B471CB0D4D400440905 /* opencore-amrwb */ = {
			isa = PBXGroup;
			children = (
				84A21B481CB0D4D400440905 /* dec_if.h */,
				84A21B491CB0D4D400440905 /* if_rom.h */,
			);
			path = "opencore-amrwb";
			sourceTree = "<group>";
		};
		84B80F511CB01725002E3870 /* RecorderAndPlayer */ = {
			isa = PBXGroup;
			children = (
				84B80F541CB01725002E3870 /* LZRecorderTool.h */,
				84B80F551CB01725002E3870 /* LZRecorderTool.m */,
				84AF69DF1CB3B9CF00A0FEC1 /* LZPlayerForRecorder.h */,
				84AF69E01CB3B9CF00A0FEC1 /* LZPlayerForRecorder.m */,
			);
			path = RecorderAndPlayer;
			sourceTree = "<group>";
		};
		84C81BB51CB6674B0053FF3B /* LZFileHandle */ = {
			isa = PBXGroup;
			children = (
				84C81BB61CB6674B0053FF3B /* LZFileHandle.h */,
				84C81BB71CB6674B0053FF3B /* LZFileHandle.m */,
			);
			path = LZFileHandle;
			sourceTree = "<group>";
		};
		84E3456D1CABFA87007A41A2 = {
			isa = PBXGroup;
			children = (
				84E345781CABFA87007A41A2 /* Interview */,
				84E345921CABFA87007A41A2 /* InterviewTests */,
				84E3459D1CABFA87007A41A2 /* InterviewUITests */,
				84E345771CABFA87007A41A2 /* Products */,
			);
			sourceTree = "<group>";
		};
		84E345771CABFA87007A41A2 /* Products */ = {
			isa = PBXGroup;
			children = (
				84E345761CABFA87007A41A2 /* Interview.app */,
				84E3458F1CABFA87007A41A2 /* InterviewTests.xctest */,
				84E3459A1CABFA87007A41A2 /* InterviewUITests.xctest */,
			);
			name = Products;
			sourceTree = "<group>";
		};
		84E345781CABFA87007A41A2 /* Interview */ = {
			isa = PBXGroup;
			children = (
				84ECDBF61CACBDFE007FD6E0 /* Framework */,
				84E345AE1CAC0358007A41A2 /* Classes */,
				84E345791CABFA87007A41A2 /* Supporting Files */,
			);
			path = Interview;
			sourceTree = "<group>";
		};
		84E345791CABFA87007A41A2 /* Supporting Files */ = {
			isa = PBXGroup;
			children = (
				84E345851CABFA87007A41A2 /* Assets.xcassets */,
				84E345AD1CAC01A9007A41A2 /* PrefixHeader.pch */,
				84E345871CABFA87007A41A2 /* LaunchScreen.storyboard */,
				84E3458A1CABFA87007A41A2 /* Info.plist */,
				84F2277F1CB7B5260056082D /* PreciNewsMobile.txt */,
				84E3457A1CABFA87007A41A2 /* main.m */,
			);
			name = "Supporting Files";
			sourceTree = "<group>";
		};
		84E345921CABFA87007A41A2 /* InterviewTests */ = {
			isa = PBXGroup;
			children = (
				84E345931CABFA87007A41A2 /* InterviewTests.m */,
				84E345951CABFA87007A41A2 /* Info.plist */,
			);
			path = InterviewTests;
			sourceTree = "<group>";
		};
		84E3459D1CABFA87007A41A2 /* InterviewUITests */ = {
			isa = PBXGroup;
			children = (
				84E3459E1CABFA87007A41A2 /* InterviewUITests.m */,
				84E345A01CABFA87007A41A2 /* Info.plist */,
			);
			path = InterviewUITests;
			sourceTree = "<group>";
		};
		84E345AE1CAC0358007A41A2 /* Classes */ = {
			isa = PBXGroup;
			children = (
				84E345AF1CAC0358007A41A2 /* Main */,
				84E345D91CAC04AD007A41A2 /* Recorder(录音) */,
				84E345D11CAC04AD007A41A2 /* Manuscript(稿件) */,
				84E345D51CAC04AD007A41A2 /* Plan */,
				84E345DD1CAC04AD007A41A2 /* Setting(设置) */,
			);
			path = Classes;
			sourceTree = "<group>";
		};
		84E345AF1CAC0358007A41A2 /* Main */ = {
			isa = PBXGroup;
			children = (
				84E4D9621CB289D200910C91 /* Manager */,
				84ECDB771CACB42A007FD6E0 /* ThiredPart */,
				848E18631CAF46DB0097C487 /* GTM */,
				84E345B01CAC0358007A41A2 /* Categrory */,
				84E345B51CAC0358007A41A2 /* Model */,
				84E345B61CAC0358007A41A2 /* Other */,
				84E345B91CAC0358007A41A2 /* Tools */,
				84E345C31CAC0358007A41A2 /* View */,
				84E345C41CAC0358007A41A2 /* ViewController */,
			);
			path = Main;
			sourceTree = "<group>";
		};
		84E345B01CAC0358007A41A2 /* Categrory */ = {
			isa = PBXGroup;
			children = (
				84ECDBFF1CACC4EF007FD6E0 /* UIImage+Scale.h */,
				84ECDC001CACC4EF007FD6E0 /* UIImage+Scale.m */,
				84ECDBF31CACBDB8007FD6E0 /* NSString+GetDeviceModel.h */,
				84ECDBF41CACBDB8007FD6E0 /* NSString+GetDeviceModel.m */,
				84E345B11CAC0358007A41A2 /* UIBarButtonItem+Extension.h */,
				84E345B21CAC0358007A41A2 /* UIBarButtonItem+Extension.m */,
				84E345B31CAC0358007A41A2 /* UIView+Extension.h */,
				84E345B41CAC0358007A41A2 /* UIView+Extension.m */,
			);
			path = Categrory;
			sourceTree = "<group>";
		};
		84E345B51CAC0358007A41A2 /* Model */ = {
			isa = PBXGroup;
			children = (
			);
			path = Model;
			sourceTree = "<group>";
		};
		84E345B61CAC0358007A41A2 /* Other */ = {
			isa = PBXGroup;
			children = (
				84E345B71CAC0358007A41A2 /* AppDelegate.h */,
				84E345B81CAC0358007A41A2 /* AppDelegate.m */,
			);
			path = Other;
			sourceTree = "<group>";
		};
		84E345B91CAC0358007A41A2 /* Tools */ = {
			isa = PBXGroup;
			children = (
				84ECDB761CACB26C007FD6E0 /* URLHeader.h */,
				84ECDB751CACB25C007FD6E0 /* FontTool.h */,
				84E4D9631CB28AAF00910C91 /* SynthesizeSingleton.h */,
				846D36F21CBB6F0000EF7254 /* LZCode */,
				84C81BB51CB6674B0053FF3B /* LZFileHandle */,
				84A21B3B1CB0D4D400440905 /* VoiceConvert */,
				84B80F511CB01725002E3870 /* RecorderAndPlayer */,
				848E18681CAF4CC50097C487 /* NetWorking */,
			);
			path = Tools;
			sourceTree = "<group>";
		};
		84E345C31CAC0358007A41A2 /* View */ = {
			isa = PBXGroup;
			children = (
			);
			path = View;
			sourceTree = "<group>";
		};
		84E345C41CAC0358007A41A2 /* ViewController */ = {
			isa = PBXGroup;
			children = (
				84E345C51CAC0358007A41A2 /* QMNavigationController.h */,
				84E345C61CAC0358007A41A2 /* QMNavigationController.m */,
				84E345C71CAC0358007A41A2 /* QMTabBarController.h */,
				84E345C81CAC0358007A41A2 /* QMTabBarController.m */,
			);
			path = ViewController;
			sourceTree = "<group>";
		};
		84E345D11CAC04AD007A41A2 /* Manuscript(稿件) */ = {
			isa = PBXGroup;
			children = (
				84E345D21CAC04AD007A41A2 /* Model */,
				84E345D31CAC04AD007A41A2 /* View */,
				84E345D41CAC04AD007A41A2 /* ViewController */,
			);
			path = "Manuscript(稿件)";
			sourceTree = "<group>";
		};
		84E345D21CAC04AD007A41A2 /* Model */ = {
			isa = PBXGroup;
			children = (
			);
			path = Model;
			sourceTree = "<group>";
		};
		84E345D31CAC04AD007A41A2 /* View */ = {
			isa = PBXGroup;
			children = (
			);
			path = View;
			sourceTree = "<group>";
		};
		84E345D41CAC04AD007A41A2 /* ViewController */ = {
			isa = PBXGroup;
			children = (
				847DEB8E1CAE76180041BAE3 /* QMManuscriptViewController.h */,
				847DEB8F1CAE76180041BAE3 /* QMManuscriptViewController.m */,
			);
			path = ViewController;
			sourceTree = "<group>";
		};
		84E345D51CAC04AD007A41A2 /* Plan */ = {
			isa = PBXGroup;
			children = (
				A5D6B5B21CB2342F00B6E845 /* Plan.storyboard */,
				84E345D61CAC04AD007A41A2 /* Model */,
				84E345D71CAC04AD007A41A2 /* View */,
				84E345D81CAC04AD007A41A2 /* ViewController */,
			);
			name = Plan;
			path = "Plan(策划)";
			sourceTree = "<group>";
		};
		84E345D61CAC04AD007A41A2 /* Model */ = {
			isa = PBXGroup;
			children = (
				A5D6B5BD1CB244AB00B6E845 /* PlanModel.h */,
				A5D6B5BE1CB244AB00B6E845 /* PlanModel.m */,
				A5D6B5C31CB2570A00B6E845 /* PlanItemModel.h */,
				A5D6B5C41CB2570A00B6E845 /* PlanItemModel.m */,
			);
			path = Model;
			sourceTree = "<group>";
		};
		84E345D71CAC04AD007A41A2 /* View */ = {
			isa = PBXGroup;
			children = (
				A5D6B5BA1CB23B8000B6E845 /* PlanViewCell.h */,
				A5D6B5BB1CB23B8000B6E845 /* PlanViewCell.m */,
				A5D6B5C01CB2565100B6E845 /* PlanItemCell.h */,
				A5D6B5C11CB2565100B6E845 /* PlanItemCell.m */,
				A5975F161CBB715E005D2C3B /* DatePickView.h */,
				A5975F171CBB715E005D2C3B /* DatePickView.m */,
			);
			path = View;
			sourceTree = "<group>";
		};
		84E345D81CAC04AD007A41A2 /* ViewController */ = {
			isa = PBXGroup;
			children = (
				847DEB911CAE76420041BAE3 /* QMPlanViewController.h */,
				847DEB921CAE76420041BAE3 /* QMPlanViewController.m */,
				A5D6B5B41CB235A100B6E845 /* NewPlanVC.h */,
				A5D6B5B51CB235A100B6E845 /* NewPlanVC.m */,
				A5D6B5B71CB2360600B6E845 /* PlanListVC.h */,
				A5D6B5B81CB2360600B6E845 /* PlanListVC.m */,
			);
			path = ViewController;
			sourceTree = "<group>";
		};
		84E345D91CAC04AD007A41A2 /* Recorder(录音) */ = {
			isa = PBXGroup;
			children = (
				84E345DA1CAC04AD007A41A2 /* Model */,
				84E345DB1CAC04AD007A41A2 /* View */,
				84E345DC1CAC04AD007A41A2 /* ViewController */,
			);
			path = "Recorder(录音)";
			sourceTree = "<group>";
		};
		84E345DA1CAC04AD007A41A2 /* Model */ = {
			isa = PBXGroup;
			children = (
				84E4D9671CB2AD5400910C91 /* QMRecoderDBModel.h */,
				84E4D9681CB2AD5400910C91 /* QMRecoderDBModel.m */,
			);
			path = Model;
			sourceTree = "<group>";
		};
		84E345DB1CAC04AD007A41A2 /* View */ = {
			isa = PBXGroup;
			children = (
				847864881CB3A15600F66CC7 /* QMRecorderListCell.h */,
				847864891CB3A15600F66CC7 /* QMRecorderListCell.m */,
				8478648A1CB3A15600F66CC7 /* QMRecorderListCell.xib */,
				8418C12D1CB753FE0027C257 /* QMRecorderListBottomView.h */,
				8418C12E1CB753FE0027C257 /* QMRecorderListBottomView.m */,
				8418C12B1CB7527D0027C257 /* QMRecorderListBottomView.xib */,
			);
			path = View;
			sourceTree = "<group>";
		};
		84E345DC1CAC04AD007A41A2 /* ViewController */ = {
			isa = PBXGroup;
			children = (
				84E345E11CAC04F0007A41A2 /* QMRecorderViewController.h */,
				84E345E21CAC04F0007A41A2 /* QMRecorderViewController.m */,
				84B80F4F1CB00319002E3870 /* QMRecorderViewController.storyboard */,
				840F1CCC1CB397B0006F38B1 /* QMRecorderListViewController.h */,
				840F1CCD1CB397B0006F38B1 /* QMRecorderListViewController.m */,
			);
			path = ViewController;
			sourceTree = "<group>";
		};
		84E345DD1CAC04AD007A41A2 /* Setting(设置) */ = {
			isa = PBXGroup;
			children = (
				84E345DE1CAC04AD007A41A2 /* Model */,
				84E345DF1CAC04AD007A41A2 /* View */,
				84E345E01CAC04AD007A41A2 /* ViewController */,
			);
			path = "Setting(设置)";
			sourceTree = "<group>";
		};
		84E345DE1CAC04AD007A41A2 /* Model */ = {
			isa = PBXGroup;
			children = (
			);
			path = Model;
			sourceTree = "<group>";
		};
		84E345DF1CAC04AD007A41A2 /* View */ = {
			isa = PBXGroup;
			children = (
				84CE482D1CAEBC500012B584 /* QMSettingTableViewCell.h */,
				84CE482E1CAEBC500012B584 /* QMSettingTableViewCell.m */,
			);
			path = View;
			sourceTree = "<group>";
		};
		84E345E01CAC04AD007A41A2 /* ViewController */ = {
			isa = PBXGroup;
			children = (
				84CE48301CAEC29A0012B584 /* QMSettingViewController.h */,
				84CE48311CAEC29A0012B584 /* QMSettingViewController.m */,
				84CE48331CAEC2A90012B584 /* QMSettingViewController.storyboard */,
				84CE48351CAEC5D60012B584 /* QMUserInfoViewController.h */,
				84CE48361CAEC5D60012B584 /* QMUserInfoViewController.m */,
				84CE48371CAEC5D60012B584 /* QMUserInfoViewController.xib */,
			);
			path = ViewController;
			sourceTree = "<group>";
		};
		84E4D9621CB289D200910C91 /* Manager */ = {
			isa = PBXGroup;
			children = (
				84E4D9641CB2AA5F00910C91 /* QMRecorderDBManager.h */,
				84E4D9651CB2AA5F00910C91 /* QMRecorderDBManager.m */,
			);
			path = Manager;
			sourceTree = "<group>";
		};
		84ECDB771CACB42A007FD6E0 /* ThiredPart */ = {
			isa = PBXGroup;
			children = (
				84ECDBD31CACBB4D007FD6E0 /* FMDB */,
				84ECDBE11CACBB4D007FD6E0 /* MBProgressHUD */,
				84ECDB7F1CACB7BA007FD6E0 /* AFNetworking */,
				84ECDB781CACB45C007FD6E0 /* Reachability+LZ */,
				84ECDB931CACBAA0007FD6E0 /* MJRefresh */,
			);
			path = ThiredPart;
			sourceTree = "<group>";
		};
		84ECDB781CACB45C007FD6E0 /* Reachability+LZ */ = {
			isa = PBXGroup;
			children = (
				84ECDB791CACB45C007FD6E0 /* Reachability+LZ.h */,
				84ECDB7A1CACB45C007FD6E0 /* Reachability+LZ.m */,
				84ECDB7B1CACB45C007FD6E0 /* Reachability.h */,
				84ECDB7C1CACB45C007FD6E0 /* Reachability.m */,
			);
			path = "Reachability+LZ";
			sourceTree = "<group>";
		};
		84ECDB7F1CACB7BA007FD6E0 /* AFNetworking */ = {
			isa = PBXGroup;
			children = (
				84ECDB801CACB7BA007FD6E0 /* AFHTTPSessionManager.h */,
				84ECDB811CACB7BA007FD6E0 /* AFHTTPSessionManager.m */,
				84ECDB821CACB7BA007FD6E0 /* AFNetworking.h */,
				84ECDB831CACB7BA007FD6E0 /* AFNetworkReachabilityManager.h */,
				84ECDB841CACB7BA007FD6E0 /* AFNetworkReachabilityManager.m */,
				84ECDB851CACB7BA007FD6E0 /* AFSecurityPolicy.h */,
				84ECDB861CACB7BA007FD6E0 /* AFSecurityPolicy.m */,
				84ECDB871CACB7BA007FD6E0 /* AFURLRequestSerialization.h */,
				84ECDB881CACB7BA007FD6E0 /* AFURLRequestSerialization.m */,
				84ECDB891CACB7BA007FD6E0 /* AFURLResponseSerialization.h */,
				84ECDB8A1CACB7BA007FD6E0 /* AFURLResponseSerialization.m */,
				84ECDB8B1CACB7BA007FD6E0 /* AFURLSessionManager.h */,
				84ECDB8C1CACB7BA007FD6E0 /* AFURLSessionManager.m */,
			);
			path = AFNetworking;
			sourceTree = "<group>";
		};
		84ECDB931CACBAA0007FD6E0 /* MJRefresh */ = {
			isa = PBXGroup;
			children = (
				84ECDB941CACBAA0007FD6E0 /* Base */,
				84ECDB9F1CACBAA0007FD6E0 /* Custom */,
				84ECDBB61CACBAA0007FD6E0 /* MJRefresh.bundle */,
				84ECDBB71CACBAA0007FD6E0 /* MJRefresh.h */,
				84ECDBB81CACBAA0007FD6E0 /* MJRefreshConst.h */,
				84ECDBB91CACBAA0007FD6E0 /* MJRefreshConst.m */,
				84ECDBBA1CACBAA0007FD6E0 /* UIScrollView+MJExtension.h */,
				84ECDBBB1CACBAA0007FD6E0 /* UIScrollView+MJExtension.m */,
				84ECDBBC1CACBAA0007FD6E0 /* UIScrollView+MJRefresh.h */,
				84ECDBBD1CACBAA0007FD6E0 /* UIScrollView+MJRefresh.m */,
				84ECDBBE1CACBAA0007FD6E0 /* UIView+MJExtension.h */,
				84ECDBBF1CACBAA0007FD6E0 /* UIView+MJExtension.m */,
			);
			path = MJRefresh;
			sourceTree = "<group>";
		};
		84ECDB941CACBAA0007FD6E0 /* Base */ = {
			isa = PBXGroup;
			children = (
				84ECDB951CACBAA0007FD6E0 /* MJRefreshAutoFooter.h */,
				84ECDB961CACBAA0007FD6E0 /* MJRefreshAutoFooter.m */,
				84ECDB971CACBAA0007FD6E0 /* MJRefreshBackFooter.h */,
				84ECDB981CACBAA0007FD6E0 /* MJRefreshBackFooter.m */,
				84ECDB991CACBAA0007FD6E0 /* MJRefreshComponent.h */,
				84ECDB9A1CACBAA0007FD6E0 /* MJRefreshComponent.m */,
				84ECDB9B1CACBAA0007FD6E0 /* MJRefreshFooter.h */,
				84ECDB9C1CACBAA0007FD6E0 /* MJRefreshFooter.m */,
				84ECDB9D1CACBAA0007FD6E0 /* MJRefreshHeader.h */,
				84ECDB9E1CACBAA0007FD6E0 /* MJRefreshHeader.m */,
			);
			path = Base;
			sourceTree = "<group>";
		};
		84ECDB9F1CACBAA0007FD6E0 /* Custom */ = {
			isa = PBXGroup;
			children = (
				84ECDBA01CACBAA0007FD6E0 /* Footer */,
				84ECDBAF1CACBAA0007FD6E0 /* Header */,
			);
			path = Custom;
			sourceTree = "<group>";
		};
		84ECDBA01CACBAA0007FD6E0 /* Footer */ = {
			isa = PBXGroup;
			children = (
				84ECDBA11CACBAA0007FD6E0 /* Auto */,
				84ECDBA81CACBAA0007FD6E0 /* Back */,
			);
			path = Footer;
			sourceTree = "<group>";
		};
		84ECDBA11CACBAA0007FD6E0 /* Auto */ = {
			isa = PBXGroup;
			children = (
				84ECDBA21CACBAA0007FD6E0 /* MJRefreshAutoGifFooter.h */,
				84ECDBA31CACBAA0007FD6E0 /* MJRefreshAutoGifFooter.m */,
				84ECDBA41CACBAA0007FD6E0 /* MJRefreshAutoNormalFooter.h */,
				84ECDBA51CACBAA0007FD6E0 /* MJRefreshAutoNormalFooter.m */,
				84ECDBA61CACBAA0007FD6E0 /* MJRefreshAutoStateFooter.h */,
				84ECDBA71CACBAA0007FD6E0 /* MJRefreshAutoStateFooter.m */,
			);
			path = Auto;
			sourceTree = "<group>";
		};
		84ECDBA81CACBAA0007FD6E0 /* Back */ = {
			isa = PBXGroup;
			children = (
				84ECDBA91CACBAA0007FD6E0 /* MJRefreshBackGifFooter.h */,
				84ECDBAA1CACBAA0007FD6E0 /* MJRefreshBackGifFooter.m */,
				84ECDBAB1CACBAA0007FD6E0 /* MJRefreshBackNormalFooter.h */,
				84ECDBAC1CACBAA0007FD6E0 /* MJRefreshBackNormalFooter.m */,
				84ECDBAD1CACBAA0007FD6E0 /* MJRefreshBackStateFooter.h */,
				84ECDBAE1CACBAA0007FD6E0 /* MJRefreshBackStateFooter.m */,
			);
			path = Back;
			sourceTree = "<group>";
		};
		84ECDBAF1CACBAA0007FD6E0 /* Header */ = {
			isa = PBXGroup;
			children = (
				84ECDBB01CACBAA0007FD6E0 /* MJRefreshGifHeader.h */,
				84ECDBB11CACBAA0007FD6E0 /* MJRefreshGifHeader.m */,
				84ECDBB21CACBAA0007FD6E0 /* MJRefreshNormalHeader.h */,
				84ECDBB31CACBAA0007FD6E0 /* MJRefreshNormalHeader.m */,
				84ECDBB41CACBAA0007FD6E0 /* MJRefreshStateHeader.h */,
				84ECDBB51CACBAA0007FD6E0 /* MJRefreshStateHeader.m */,
			);
			path = Header;
			sourceTree = "<group>";
		};
		84ECDBD31CACBB4D007FD6E0 /* FMDB */ = {
			isa = PBXGroup;
			children = (
				84ECDBD41CACBB4D007FD6E0 /* FMDatabase.h */,
				84ECDBD51CACBB4D007FD6E0 /* FMDatabase.m */,
				84ECDBD61CACBB4D007FD6E0 /* FMDatabaseAdditions.h */,
				84ECDBD71CACBB4D007FD6E0 /* FMDatabaseAdditions.m */,
				84ECDBD81CACBB4D007FD6E0 /* FMDatabasePool.h */,
				84ECDBD91CACBB4D007FD6E0 /* FMDatabasePool.m */,
				84ECDBDA1CACBB4D007FD6E0 /* FMDatabaseQueue.h */,
				84ECDBDB1CACBB4D007FD6E0 /* FMDatabaseQueue.m */,
				84ECDBDC1CACBB4D007FD6E0 /* FMDB.h */,
				84ECDBDD1CACBB4D007FD6E0 /* FMResultSet.h */,
				84ECDBDE1CACBB4D007FD6E0 /* FMResultSet.m */,
				84ECDBDF1CACBB4D007FD6E0 /* SqlReadMe.h */,
				84ECDBE01CACBB4D007FD6E0 /* 数据库.rtf */,
			);
			path = FMDB;
			sourceTree = "<group>";
		};
		84ECDBE11CACBB4D007FD6E0 /* MBProgressHUD */ = {
			isa = PBXGroup;
			children = (
				84ECDBE21CACBB4D007FD6E0 /* MBProgressHUD+MJ.h */,
				84ECDBE31CACBB4D007FD6E0 /* MBProgressHUD+MJ.m */,
				84ECDBE41CACBB4D007FD6E0 /* MBProgressHUD.bundle */,
				84ECDBE51CACBB4D007FD6E0 /* MBProgressHUD.h */,
				84ECDBE61CACBB4D007FD6E0 /* MBProgressHUD.m */,
			);
			path = MBProgressHUD;
			sourceTree = "<group>";
		};
		84ECDBF61CACBDFE007FD6E0 /* Framework */ = {
			isa = PBXGroup;
			children = (
				84ECDBF71CACBE16007FD6E0 /* libsqlite3.tbd */,
			);
			path = Framework;
			sourceTree = "<group>";
		};
/* End PBXGroup section */

/* Begin PBXNativeTarget section */
		84E345751CABFA87007A41A2 /* Interview */ = {
			isa = PBXNativeTarget;
			buildConfigurationList = 84E345A31CABFA87007A41A2 /* Build configuration list for PBXNativeTarget "Interview" */;
			buildPhases = (
				84E345721CABFA87007A41A2 /* Sources */,
				84E345731CABFA87007A41A2 /* Frameworks */,
				84E345741CABFA87007A41A2 /* Resources */,
			);
			buildRules = (
			);
			dependencies = (
			);
			name = Interview;
			productName = Interview;
			productReference = 84E345761CABFA87007A41A2 /* Interview.app */;
			productType = "com.apple.product-type.application";
		};
		84E3458E1CABFA87007A41A2 /* InterviewTests */ = {
			isa = PBXNativeTarget;
			buildConfigurationList = 84E345A61CABFA87007A41A2 /* Build configuration list for PBXNativeTarget "InterviewTests" */;
			buildPhases = (
				84E3458B1CABFA87007A41A2 /* Sources */,
				84E3458C1CABFA87007A41A2 /* Frameworks */,
				84E3458D1CABFA87007A41A2 /* Resources */,
			);
			buildRules = (
			);
			dependencies = (
				84E345911CABFA87007A41A2 /* PBXTargetDependency */,
			);
			name = InterviewTests;
			productName = InterviewTests;
			productReference = 84E3458F1CABFA87007A41A2 /* InterviewTests.xctest */;
			productType = "com.apple.product-type.bundle.unit-test";
		};
		84E345991CABFA87007A41A2 /* InterviewUITests */ = {
			isa = PBXNativeTarget;
			buildConfigurationList = 84E345A91CABFA87007A41A2 /* Build configuration list for PBXNativeTarget "InterviewUITests" */;
			buildPhases = (
				84E345961CABFA87007A41A2 /* Sources */,
				84E345971CABFA87007A41A2 /* Frameworks */,
				84E345981CABFA87007A41A2 /* Resources */,
			);
			buildRules = (
			);
			dependencies = (
				84E3459C1CABFA87007A41A2 /* PBXTargetDependency */,
			);
			name = InterviewUITests;
			productName = InterviewUITests;
			productReference = 84E3459A1CABFA87007A41A2 /* InterviewUITests.xctest */;
			productType = "com.apple.product-type.bundle.ui-testing";
		};
/* End PBXNativeTarget section */

/* Begin PBXProject section */
		84E3456E1CABFA87007A41A2 /* Project object */ = {
			isa = PBXProject;
			attributes = {
				CLASSPREFIX = QM;
				LastUpgradeCheck = 0730;
				ORGANIZATIONNAME = yonganbo;
				TargetAttributes = {
					84E345751CABFA87007A41A2 = {
						CreatedOnToolsVersion = 7.3;
						DevelopmentTeam = X448TB9G2B;
					};
					84E3458E1CABFA87007A41A2 = {
						CreatedOnToolsVersion = 7.3;
						TestTargetID = 84E345751CABFA87007A41A2;
					};
					84E345991CABFA87007A41A2 = {
						CreatedOnToolsVersion = 7.3;
						TestTargetID = 84E345751CABFA87007A41A2;
					};
				};
			};
			buildConfigurationList = 84E345711CABFA87007A41A2 /* Build configuration list for PBXProject "Interview" */;
			compatibilityVersion = "Xcode 3.2";
			developmentRegion = English;
			hasScannedForEncodings = 0;
			knownRegions = (
				en,
				Base,
			);
			mainGroup = 84E3456D1CABFA87007A41A2;
			productRefGroup = 84E345771CABFA87007A41A2 /* Products */;
			projectDirPath = "";
			projectRoot = "";
			targets = (
				84E345751CABFA87007A41A2 /* Interview */,
				84E3458E1CABFA87007A41A2 /* InterviewTests */,
				84E345991CABFA87007A41A2 /* InterviewUITests */,
			);
		};
/* End PBXProject section */

/* Begin PBXResourcesBuildPhase section */
		84E345741CABFA87007A41A2 /* Resources */ = {
			isa = PBXResourcesBuildPhase;
			buildActionMask = 2147483647;
			files = (
				A5D6B5B31CB2342F00B6E845 /* Plan.storyboard in Resources */,
				84E345891CABFA87007A41A2 /* LaunchScreen.storyboard in Resources */,
				84E345861CABFA87007A41A2 /* Assets.xcassets in Resources */,
				8418C12C1CB7527D0027C257 /* QMRecorderListBottomView.xib in Resources */,
				84ECDBEE1CACBB4D007FD6E0 /* MBProgressHUD.bundle in Resources */,
				84F227801CB7B5260056082D /* PreciNewsMobile.txt in Resources */,
				84ECDBEC1CACBB4D007FD6E0 /* 数据库.rtf in Resources */,
				84CE48341CAEC2A90012B584 /* QMSettingViewController.storyboard in Resources */,
				8478648C1CB3A15600F66CC7 /* QMRecorderListCell.xib in Resources */,
				84B80F501CB00319002E3870 /* QMRecorderViewController.storyboard in Resources */,
				84CE48391CAEC5D60012B584 /* QMUserInfoViewController.xib in Resources */,
				84ECDBCE1CACBAA0007FD6E0 /* MJRefresh.bundle in Resources */,
			);
			runOnlyForDeploymentPostprocessing = 0;
		};
		84E3458D1CABFA87007A41A2 /* Resources */ = {
			isa = PBXResourcesBuildPhase;
			buildActionMask = 2147483647;
			files = (
			);
			runOnlyForDeploymentPostprocessing = 0;
		};
		84E345981CABFA87007A41A2 /* Resources */ = {
			isa = PBXResourcesBuildPhase;
			buildActionMask = 2147483647;
			files = (
			);
			runOnlyForDeploymentPostprocessing = 0;
		};
/* End PBXResourcesBuildPhase section */

/* Begin PBXSourcesBuildPhase section */
		84E345721CABFA87007A41A2 /* Sources */ = {
			isa = PBXSourcesBuildPhase;
			buildActionMask = 2147483647;
			files = (
				84A21B4D1CB0D4D400440905 /* wav.mm in Sources */,
				84E345CB1CAC0358007A41A2 /* AppDelegate.m in Sources */,
				84ECDBCD1CACBAA0007FD6E0 /* MJRefreshStateHeader.m in Sources */,
				84ECDBC91CACBAA0007FD6E0 /* MJRefreshBackNormalFooter.m in Sources */,
				84ECDBC31CACBAA0007FD6E0 /* MJRefreshFooter.m in Sources */,
				A5D6B5C51CB2570A00B6E845 /* PlanItemModel.m in Sources */,
				84ECDB8F1CACB7BA007FD6E0 /* AFSecurityPolicy.m in Sources */,
				84CE48321CAEC29A0012B584 /* QMSettingViewController.m in Sources */,
				84CE482F1CAEBC500012B584 /* QMSettingTableViewCell.m in Sources */,
				84CE48381CAEC5D60012B584 /* QMUserInfoViewController.m in Sources */,
				84ECDBCA1CACBAA0007FD6E0 /* MJRefreshBackStateFooter.m in Sources */,
				84E345D01CAC0358007A41A2 /* QMTabBarController.m in Sources */,
				84ECDBCF1CACBAA0007FD6E0 /* MJRefreshConst.m in Sources */,
				8418C12F1CB753FE0027C257 /* QMRecorderListBottomView.m in Sources */,
				84E345CA1CAC0358007A41A2 /* UIView+Extension.m in Sources */,
				84ECDBC51CACBAA0007FD6E0 /* MJRefreshAutoGifFooter.m in Sources */,
				84ECDBF51CACBDB8007FD6E0 /* NSString+GetDeviceModel.m in Sources */,
				A5D6B5BC1CB23B8000B6E845 /* PlanViewCell.m in Sources */,
				84ECDBC71CACBAA0007FD6E0 /* MJRefreshAutoStateFooter.m in Sources */,
				84ECDB901CACB7BA007FD6E0 /* AFURLRequestSerialization.m in Sources */,
				840F1CCF1CB397B0006F38B1 /* QMRecorderListViewController.m in Sources */,
				84A21B501CB0D4D400440905 /* VoiceConverter.mm in Sources */,
				84ECDBE81CACBB4D007FD6E0 /* FMDatabaseAdditions.m in Sources */,
				84ECDBE71CACBB4D007FD6E0 /* FMDatabase.m in Sources */,
				84ECDBC01CACBAA0007FD6E0 /* MJRefreshAutoFooter.m in Sources */,
				848E18671CAF46DB0097C487 /* GTMBase64.m in Sources */,
				84ECDBED1CACBB4D007FD6E0 /* MBProgressHUD+MJ.m in Sources */,
				847DEB901CAE76180041BAE3 /* QMManuscriptViewController.m in Sources */,
				84E345C91CAC0358007A41A2 /* UIBarButtonItem+Extension.m in Sources */,
				84E4D9691CB2AD5400910C91 /* QMRecoderDBModel.m in Sources */,
				84ECDBC81CACBAA0007FD6E0 /* MJRefreshBackGifFooter.m in Sources */,
				84ECDBD11CACBAA0007FD6E0 /* UIScrollView+MJRefresh.m in Sources */,
				84C81BB81CB6674B0053FF3B /* LZFileHandle.m in Sources */,
				84ECDBC41CACBAA0007FD6E0 /* MJRefreshHeader.m in Sources */,
				84AF69E11CB3B9CF00A0FEC1 /* LZPlayerForRecorder.m in Sources */,
				A5D6B5BF1CB244AB00B6E845 /* PlanModel.m in Sources */,
				A5D6B5B61CB235A100B6E845 /* NewPlanVC.m in Sources */,
				84ECDB921CACB7BA007FD6E0 /* AFURLSessionManager.m in Sources */,
				84E4D9661CB2AA5F00910C91 /* QMRecorderDBManager.m in Sources */,
				A5975F181CBB715E005D2C3B /* DatePickView.m in Sources */,
				84ECDBD01CACBAA0007FD6E0 /* UIScrollView+MJExtension.m in Sources */,
				848E186B1CAF4CC50097C487 /* NetWorking.m in Sources */,
				846D36F51CBB6F0000EF7254 /* LZCode.m in Sources */,
				84B80F571CB01725002E3870 /* LZRecorderTool.m in Sources */,
				84ECDBCB1CACBAA0007FD6E0 /* MJRefreshGifHeader.m in Sources */,
				84ECDBEA1CACBB4D007FD6E0 /* FMDatabaseQueue.m in Sources */,
				A5D6B5C21CB2565100B6E845 /* PlanItemCell.m in Sources */,
				A5D6B5B91CB2360600B6E845 /* PlanListVC.m in Sources */,
				84ECDBC21CACBAA0007FD6E0 /* MJRefreshComponent.m in Sources */,
				84E345E31CAC04F0007A41A2 /* QMRecorderViewController.m in Sources */,
				847DEB931CAE76420041BAE3 /* QMPlanViewController.m in Sources */,
				8478648B1CB3A15600F66CC7 /* QMRecorderListCell.m in Sources */,
				84ECDBC61CACBAA0007FD6E0 /* MJRefreshAutoNormalFooter.m in Sources */,
				84ECDC011CACC4EF007FD6E0 /* UIImage+Scale.m in Sources */,
				84ECDBEF1CACBB4D007FD6E0 /* MBProgressHUD.m in Sources */,
				84ECDBE91CACBB4D007FD6E0 /* FMDatabasePool.m in Sources */,
				84E345CF1CAC0358007A41A2 /* QMNavigationController.m in Sources */,
				84E3457B1CABFA87007A41A2 /* main.m in Sources */,
				84ECDB911CACB7BA007FD6E0 /* AFURLResponseSerialization.m in Sources */,
				84A21B4C1CB0D4D400440905 /* amrFileCodec.mm in Sources */,
				84ECDB8E1CACB7BA007FD6E0 /* AFNetworkReachabilityManager.m in Sources */,
				84ECDB7E1CACB45C007FD6E0 /* Reachability.m in Sources */,
				84ECDBD21CACBAA0007FD6E0 /* UIView+MJExtension.m in Sources */,
				84ECDBCC1CACBAA0007FD6E0 /* MJRefreshNormalHeader.m in Sources */,
				84ECDB7D1CACB45C007FD6E0 /* Reachability+LZ.m in Sources */,
				84ECDBEB1CACBB4D007FD6E0 /* FMResultSet.m in Sources */,
				84ECDBC11CACBAA0007FD6E0 /* MJRefreshBackFooter.m in Sources */,
				84ECDB8D1CACB7BA007FD6E0 /* AFHTTPSessionManager.m in Sources */,
			);
			runOnlyForDeploymentPostprocessing = 0;
		};
		84E3458B1CABFA87007A41A2 /* Sources */ = {
			isa = PBXSourcesBuildPhase;
			buildActionMask = 2147483647;
			files = (
				84E345941CABFA87007A41A2 /* InterviewTests.m in Sources */,
			);
			runOnlyForDeploymentPostprocessing = 0;
		};
		84E345961CABFA87007A41A2 /* Sources */ = {
			isa = PBXSourcesBuildPhase;
			buildActionMask = 2147483647;
			files = (
				84E3459F1CABFA87007A41A2 /* InterviewUITests.m in Sources */,
			);
			runOnlyForDeploymentPostprocessing = 0;
		};
/* End PBXSourcesBuildPhase section */

/* Begin PBXTargetDependency section */
		84E345911CABFA87007A41A2 /* PBXTargetDependency */ = {
			isa = PBXTargetDependency;
			target = 84E345751CABFA87007A41A2 /* Interview */;
			targetProxy = 84E345901CABFA87007A41A2 /* PBXContainerItemProxy */;
		};
		84E3459C1CABFA87007A41A2 /* PBXTargetDependency */ = {
			isa = PBXTargetDependency;
			target = 84E345751CABFA87007A41A2 /* Interview */;
			targetProxy = 84E3459B1CABFA87007A41A2 /* PBXContainerItemProxy */;
		};
/* End PBXTargetDependency section */

/* Begin PBXVariantGroup section */
		84E345871CABFA87007A41A2 /* LaunchScreen.storyboard */ = {
			isa = PBXVariantGroup;
			children = (
				84E345881CABFA87007A41A2 /* Base */,
			);
			name = LaunchScreen.storyboard;
			sourceTree = "<group>";
		};
/* End PBXVariantGroup section */

/* Begin XCBuildConfiguration section */
		84E345A11CABFA87007A41A2 /* Debug */ = {
			isa = XCBuildConfiguration;
			buildSettings = {
				ALWAYS_SEARCH_USER_PATHS = NO;
				CLANG_ANALYZER_NONNULL = YES;
				CLANG_CXX_LANGUAGE_STANDARD = "gnu++0x";
				CLANG_CXX_LIBRARY = "libc++";
				CLANG_ENABLE_MODULES = YES;
				CLANG_ENABLE_OBJC_ARC = YES;
				CLANG_WARN_BOOL_CONVERSION = YES;
				CLANG_WARN_CONSTANT_CONVERSION = YES;
				CLANG_WARN_DIRECT_OBJC_ISA_USAGE = YES_ERROR;
				CLANG_WARN_EMPTY_BODY = YES;
				CLANG_WARN_ENUM_CONVERSION = YES;
				CLANG_WARN_INT_CONVERSION = YES;
				CLANG_WARN_OBJC_ROOT_CLASS = YES_ERROR;
				CLANG_WARN_UNREACHABLE_CODE = YES;
				CLANG_WARN__DUPLICATE_METHOD_MATCH = YES;
				"CODE_SIGN_IDENTITY[sdk=iphoneos*]" = "iPhone Developer";
				COPY_PHASE_STRIP = NO;
				DEBUG_INFORMATION_FORMAT = dwarf;
				ENABLE_STRICT_OBJC_MSGSEND = YES;
				ENABLE_TESTABILITY = YES;
				GCC_C_LANGUAGE_STANDARD = gnu99;
				GCC_DYNAMIC_NO_PIC = NO;
				GCC_NO_COMMON_BLOCKS = YES;
				GCC_OPTIMIZATION_LEVEL = 0;
				GCC_PREPROCESSOR_DEFINITIONS = (
					"DEBUG=1",
					"$(inherited)",
				);
				GCC_WARN_64_TO_32_BIT_CONVERSION = YES;
				GCC_WARN_ABOUT_RETURN_TYPE = YES_ERROR;
				GCC_WARN_UNDECLARED_SELECTOR = YES;
				GCC_WARN_UNINITIALIZED_AUTOS = YES_AGGRESSIVE;
				GCC_WARN_UNUSED_FUNCTION = YES;
				GCC_WARN_UNUSED_VARIABLE = YES;
				IPHONEOS_DEPLOYMENT_TARGET = 9.3;
				MTL_ENABLE_DEBUG_INFO = YES;
				ONLY_ACTIVE_ARCH = YES;
				SDKROOT = iphoneos;
			};
			name = Debug;
		};
		84E345A21CABFA87007A41A2 /* Release */ = {
			isa = XCBuildConfiguration;
			buildSettings = {
				ALWAYS_SEARCH_USER_PATHS = NO;
				CLANG_ANALYZER_NONNULL = YES;
				CLANG_CXX_LANGUAGE_STANDARD = "gnu++0x";
				CLANG_CXX_LIBRARY = "libc++";
				CLANG_ENABLE_MODULES = YES;
				CLANG_ENABLE_OBJC_ARC = YES;
				CLANG_WARN_BOOL_CONVERSION = YES;
				CLANG_WARN_CONSTANT_CONVERSION = YES;
				CLANG_WARN_DIRECT_OBJC_ISA_USAGE = YES_ERROR;
				CLANG_WARN_EMPTY_BODY = YES;
				CLANG_WARN_ENUM_CONVERSION = YES;
				CLANG_WARN_INT_CONVERSION = YES;
				CLANG_WARN_OBJC_ROOT_CLASS = YES_ERROR;
				CLANG_WARN_UNREACHABLE_CODE = YES;
				CLANG_WARN__DUPLICATE_METHOD_MATCH = YES;
				"CODE_SIGN_IDENTITY[sdk=iphoneos*]" = "iPhone Developer";
				COPY_PHASE_STRIP = NO;
				DEBUG_INFORMATION_FORMAT = "dwarf-with-dsym";
				ENABLE_NS_ASSERTIONS = NO;
				ENABLE_STRICT_OBJC_MSGSEND = YES;
				GCC_C_LANGUAGE_STANDARD = gnu99;
				GCC_NO_COMMON_BLOCKS = YES;
				GCC_WARN_64_TO_32_BIT_CONVERSION = YES;
				GCC_WARN_ABOUT_RETURN_TYPE = YES_ERROR;
				GCC_WARN_UNDECLARED_SELECTOR = YES;
				GCC_WARN_UNINITIALIZED_AUTOS = YES_AGGRESSIVE;
				GCC_WARN_UNUSED_FUNCTION = YES;
				GCC_WARN_UNUSED_VARIABLE = YES;
				IPHONEOS_DEPLOYMENT_TARGET = 9.3;
				MTL_ENABLE_DEBUG_INFO = NO;
				SDKROOT = iphoneos;
				VALIDATE_PRODUCT = YES;
			};
			name = Release;
		};
		84E345A41CABFA87007A41A2 /* Debug */ = {
			isa = XCBuildConfiguration;
			buildSettings = {
				ASSETCATALOG_COMPILER_APPICON_NAME = AppIcon;
				CODE_SIGN_IDENTITY = "iPhone Developer";
				"CODE_SIGN_IDENTITY[sdk=iphoneos*]" = "iPhone Developer";
				ENABLE_BITCODE = NO;
				GCC_PRECOMPILE_PREFIX_HEADER = YES;
				GCC_PREFIX_HEADER = interview/PrefixHeader.pch;
				INFOPLIST_FILE = Interview/Info.plist;
				IPHONEOS_DEPLOYMENT_TARGET = 7.0;
				LD_RUNPATH_SEARCH_PATHS = "$(inherited) @executable_path/Frameworks";
				LIBRARY_SEARCH_PATHS = (
					"$(inherited)",
					"$(PROJECT_DIR)/Interview/Classes/Main/Tools/VoiceConvert/lib",
				);
				PRODUCT_BUNDLE_IDENTIFIER = com.MR..Interview;
				PRODUCT_NAME = "$(TARGET_NAME)";
				PROVISIONING_PROFILE = "";
			};
			name = Debug;
		};
		84E345A51CABFA87007A41A2 /* Release */ = {
			isa = XCBuildConfiguration;
			buildSettings = {
				ASSETCATALOG_COMPILER_APPICON_NAME = AppIcon;
				CODE_SIGN_IDENTITY = "iPhone Developer";
				"CODE_SIGN_IDENTITY[sdk=iphoneos*]" = "iPhone Developer";
				ENABLE_BITCODE = NO;
				GCC_PRECOMPILE_PREFIX_HEADER = YES;
				GCC_PREFIX_HEADER = interview/PrefixHeader.pch;
				INFOPLIST_FILE = Interview/Info.plist;
				IPHONEOS_DEPLOYMENT_TARGET = 7.0;
				LD_RUNPATH_SEARCH_PATHS = "$(inherited) @executable_path/Frameworks";
				LIBRARY_SEARCH_PATHS = (
					"$(inherited)",
					"$(PROJECT_DIR)/Interview/Classes/Main/Tools/VoiceConvert/lib",
				);
				PRODUCT_BUNDLE_IDENTIFIER = com.MR..Interview;
				PRODUCT_NAME = "$(TARGET_NAME)";
				PROVISIONING_PROFILE = "";
			};
			name = Release;
		};
		84E345A71CABFA87007A41A2 /* Debug */ = {
			isa = XCBuildConfiguration;
			buildSettings = {
				BUNDLE_LOADER = "$(TEST_HOST)";
				INFOPLIST_FILE = InterviewTests/Info.plist;
				LD_RUNPATH_SEARCH_PATHS = "$(inherited) @executable_path/Frameworks @loader_path/Frameworks";
				PRODUCT_BUNDLE_IDENTIFIER = com.MR..InterviewTests;
				PRODUCT_NAME = "$(TARGET_NAME)";
				TEST_HOST = "$(BUILT_PRODUCTS_DIR)/Interview.app/Interview";
			};
			name = Debug;
		};
		84E345A81CABFA87007A41A2 /* Release */ = {
			isa = XCBuildConfiguration;
			buildSettings = {
				BUNDLE_LOADER = "$(TEST_HOST)";
				INFOPLIST_FILE = InterviewTests/Info.plist;
				LD_RUNPATH_SEARCH_PATHS = "$(inherited) @executable_path/Frameworks @loader_path/Frameworks";
				PRODUCT_BUNDLE_IDENTIFIER = com.MR..InterviewTests;
				PRODUCT_NAME = "$(TARGET_NAME)";
				TEST_HOST = "$(BUILT_PRODUCTS_DIR)/Interview.app/Interview";
			};
			name = Release;
		};
		84E345AA1CABFA87007A41A2 /* Debug */ = {
			isa = XCBuildConfiguration;
			buildSettings = {
				INFOPLIST_FILE = InterviewUITests/Info.plist;
				LD_RUNPATH_SEARCH_PATHS = "$(inherited) @executable_path/Frameworks @loader_path/Frameworks";
				PRODUCT_BUNDLE_IDENTIFIER = com.MR..InterviewUITests;
				PRODUCT_NAME = "$(TARGET_NAME)";
				TEST_TARGET_NAME = Interview;
			};
			name = Debug;
		};
		84E345AB1CABFA87007A41A2 /* Release */ = {
			isa = XCBuildConfiguration;
			buildSettings = {
				INFOPLIST_FILE = InterviewUITests/Info.plist;
				LD_RUNPATH_SEARCH_PATHS = "$(inherited) @executable_path/Frameworks @loader_path/Frameworks";
				PRODUCT_BUNDLE_IDENTIFIER = com.MR..InterviewUITests;
				PRODUCT_NAME = "$(TARGET_NAME)";
				TEST_TARGET_NAME = Interview;
			};
			name = Release;
		};
/* End XCBuildConfiguration section */

/* Begin XCConfigurationList section */
		84E345711CABFA87007A41A2 /* Build configuration list for PBXProject "Interview" */ = {
			isa = XCConfigurationList;
			buildConfigurations = (
				84E345A11CABFA87007A41A2 /* Debug */,
				84E345A21CABFA87007A41A2 /* Release */,
			);
			defaultConfigurationIsVisible = 0;
			defaultConfigurationName = Release;
		};
		84E345A31CABFA87007A41A2 /* Build configuration list for PBXNativeTarget "Interview" */ = {
			isa = XCConfigurationList;
			buildConfigurations = (
				84E345A41CABFA87007A41A2 /* Debug */,
				84E345A51CABFA87007A41A2 /* Release */,
			);
			defaultConfigurationIsVisible = 0;
			defaultConfigurationName = Release;
		};
		84E345A61CABFA87007A41A2 /* Build configuration list for PBXNativeTarget "InterviewTests" */ = {
			isa = XCConfigurationList;
			buildConfigurations = (
				84E345A71CABFA87007A41A2 /* Debug */,
				84E345A81CABFA87007A41A2 /* Release */,
			);
			defaultConfigurationIsVisible = 0;
			defaultConfigurationName = Release;
		};
		84E345A91CABFA87007A41A2 /* Build configuration list for PBXNativeTarget "InterviewUITests" */ = {
			isa = XCConfigurationList;
			buildConfigurations = (
				84E345AA1CABFA87007A41A2 /* Debug */,
				84E345AB1CABFA87007A41A2 /* Release */,
			);
			defaultConfigurationIsVisible = 0;
			defaultConfigurationName = Release;
		};
/* End XCConfigurationList section */
	};
	rootObject = 84E3456E1CABFA87007A41A2 /* Project object */;
}
